// !$*UTF8*$!
{
	archiveVersion = 1;
	classes = {
	};
	objectVersion = 46;
	objects = {
/* Begin PBXBuildFile section */
		0207DA581B56EA530066E2B4 /* Images.xcassets in Resources */ = {isa = PBXBuildFile; fileRef = 0207DA571B56EA530066E2B4 /* Images.xcassets */; };
		1D3623260D0F684500981E51 /* AppDelegate.m in Sources */ = {isa = PBXBuildFile; fileRef = 1D3623250D0F684500981E51 /* AppDelegate.m */; };
		1D60589B0D05DD56006BFB54 /* main.m in Sources */ = {isa = PBXBuildFile; fileRef = 29B97316FDCFA39411CA2CEA /* main.m */; };
		301BF552109A68D80062928A /* libCordova.a in Frameworks */ = {isa = PBXBuildFile; fileRef = 301BF535109A57CC0062928A /* libCordova.a */; };
		302D95F114D2391D003F00A1 /* MainViewController.m in Sources */ = {isa = PBXBuildFile; fileRef = 302D95EF14D2391D003F00A1 /* MainViewController.m */; };
		302D95F214D2391D003F00A1 /* MainViewController.xib in Resources */ = {isa = PBXBuildFile; fileRef = 302D95F014D2391D003F00A1 /* MainViewController.xib */; };
		3047A5121AB8059700498E2A /* build-debug.xcconfig in Resources */ = {isa = PBXBuildFile; fileRef = 3047A50F1AB8059700498E2A /* build-debug.xcconfig */; };
		3047A5131AB8059700498E2A /* build-release.xcconfig in Resources */ = {isa = PBXBuildFile; fileRef = 3047A5101AB8059700498E2A /* build-release.xcconfig */; };
		3047A5141AB8059700498E2A /* build.xcconfig in Resources */ = {isa = PBXBuildFile; fileRef = 3047A5111AB8059700498E2A /* build.xcconfig */; };
		6AFF5BF91D6E424B00AB3073 /* CDVLaunchScreen.storyboard in Resources */ = {isa = PBXBuildFile; fileRef = 6AFF5BF81D6E424B00AB3073 /* CDVLaunchScreen.storyboard */; };
		08B195E4EFFC42AEBE032CB2 /* CFCallNumber.m in Sources */ = {isa = PBXBuildFile; fileRef = 9478C701CA8D4C3988A176BC /* CFCallNumber.m */; };
		83DD246D3C314EA08E128923 /* StreamingMedia.m in Sources */ = {isa = PBXBuildFile; fileRef = 8730F7E52D604EF0A9B5C184 /* StreamingMedia.m */; };
		81F482C08D0C4E13B6A65C01 /* MediaPlayer.framework in Frameworks */ = {isa = PBXBuildFile; fileRef = 07FAF6120C754D829F0F0C3A /* MediaPlayer.framework */; };
		97192B3F66984F1497B7A976 /* CDVFile.m in Sources */ = {isa = PBXBuildFile; fileRef = 54F104E2BC6942E492CFB4F7 /* CDVFile.m */; };
		7FD68EDA6CF14048B8A50EB7 /* CDVLocalFilesystem.m in Sources */ = {isa = PBXBuildFile; fileRef = E9068B89A241449C81BEE4C3 /* CDVLocalFilesystem.m */; };
		6DB3D00017064D919803CDEE /* CDVAssetLibraryFilesystem.m in Sources */ = {isa = PBXBuildFile; fileRef = 29FCC8C07FFA4F10819E73F2 /* CDVAssetLibraryFilesystem.m */; };
		6A511A8965CE4BF892CDF873 /* CordovaHttpPlugin.m in Sources */ = {isa = PBXBuildFile; fileRef = 3AEF62BA5D4642E8BE0ABE3C /* CordovaHttpPlugin.m */; };
		A466D32910584B1098D72E34 /* TextResponseSerializer.m in Sources */ = {isa = PBXBuildFile; fileRef = 070FC2D639124E2996F7638B /* TextResponseSerializer.m */; };
		206769D5E5294D3792B809E3 /* TextRequestSerializer.m in Sources */ = {isa = PBXBuildFile; fileRef = 98FF608EC81142E4895F9706 /* TextRequestSerializer.m */; };
		9A50873331BA427783FCD78C /* AFHTTPSessionManager.m in Sources */ = {isa = PBXBuildFile; fileRef = 866245449E034AB9AEB93AE9 /* AFHTTPSessionManager.m */; };
		AB378ACCF1A24EFEA99B2878 /* AFNetworkReachabilityManager.m in Sources */ = {isa = PBXBuildFile; fileRef = 3E348223E98F408392AD9A3C /* AFNetworkReachabilityManager.m */; };
		9EF7518DAA78432FACB5D319 /* AFSecurityPolicy.m in Sources */ = {isa = PBXBuildFile; fileRef = E4B30EC8C25D46D580BC5B8E /* AFSecurityPolicy.m */; };
		6550391F63D84331A9C383E3 /* AFURLRequestSerialization.m in Sources */ = {isa = PBXBuildFile; fileRef = 8F4B940E909B447CA4B98250 /* AFURLRequestSerialization.m */; };
		6E670CD428B94084A4F222E4 /* AFURLResponseSerialization.m in Sources */ = {isa = PBXBuildFile; fileRef = 0DF2852995A74DA1ACCCD505 /* AFURLResponseSerialization.m */; };
		6463B519BBFC45D1A70646C8 /* AFURLSessionManager.m in Sources */ = {isa = PBXBuildFile; fileRef = 6E9BF9C1D5F64486BECF1D9A /* AFURLSessionManager.m */; };
		A8470E7B93C648A79C477FC9 /* Security.framework in Frameworks */ = {isa = PBXBuildFile; fileRef = 1B08F976118948A58EFA99B6 /* Security.framework */; };
		464B6F307EEF464AAE69217F /* SystemConfiguration.framework in Frameworks */ = {isa = PBXBuildFile; fileRef = CEB4228CD28A4AF097DE7AEE /* SystemConfiguration.framework */; };
		BD993056FFCC48388857E7EF /* CDVDevice.m in Sources */ = {isa = PBXBuildFile; fileRef = DC09E1C113E041C8AA649EE7 /* CDVDevice.m */; };
		B5A774B181884D978672E46F /* APPBackgroundMode.m in Sources */ = {isa = PBXBuildFile; fileRef = C81E4D4927EF4380927F5495 /* APPBackgroundMode.m */; };
		97A1F3129222443C8F9A0213 /* APPMethodMagic.m in Sources */ = {isa = PBXBuildFile; fileRef = AD501FC330D0448FBDEDB2F7 /* APPMethodMagic.m */; };
		591ED78D67E646CB8F3F05DA /* appbeep.wav in Resources */ = {isa = PBXBuildFile; fileRef = B6CFD37925674AB29D587AD8 /* appbeep.wav */; };
		B69051EEFB3C4C42851E9C88 /* APPBadge.m in Sources */ = {isa = PBXBuildFile; fileRef = 0550E8AAFF624229ACE63A3A /* APPBadge.m */; };
		8956BC4691804946804A3DDB /* UIImage+CropScaleOrientation.m in Sources */ = {isa = PBXBuildFile; fileRef = 8B25E618314F4E40AD714C18 /* UIImage+CropScaleOrientation.m */; };
		D8CC4C9050C54B11A935661D /* CDVCamera.m in Sources */ = {isa = PBXBuildFile; fileRef = 4DBC8812EB9748269B9E56C9 /* CDVCamera.m */; };
		DDB46AF627A741BD82136592 /* CDVJpegHeaderWriter.m in Sources */ = {isa = PBXBuildFile; fileRef = CD615A41BEEF4145B9B73C79 /* CDVJpegHeaderWriter.m */; };
		5A17E6B557F64D6CA975CAA1 /* ImageIO.framework in Frameworks */ = {isa = PBXBuildFile; fileRef = A2FA35B9BB0C49B2963E89A1 /* ImageIO.framework */; settings = {ATTRIBUTES = (Weak, ); }; };
		E77DB582B1D24E1889BFBBC5 /* CoreLocation.framework in Frameworks */ = {isa = PBXBuildFile; fileRef = FBE5B8C6145F4AAF827E5896 /* CoreLocation.framework */; };
		398CD8307A2045728C5FB344 /* AVFoundation.framework in Frameworks */ = {isa = PBXBuildFile; fileRef = 461D64334B03489E915A6EBE /* AVFoundation.framework */; };
		14C86970DA9F478581E61E81 /* CTCrop.m in Sources */ = {isa = PBXBuildFile; fileRef = 15D38942816346C093247E0A /* CTCrop.m */; };
		91DA1C3DFF3349939B1AD0D8 /* PECropRectView.m in Sources */ = {isa = PBXBuildFile; fileRef = B878B5E1809C4D718AACBD8A /* PECropRectView.m */; };
		5AE922CDBCE64126B834891B /* PECropView.m in Sources */ = {isa = PBXBuildFile; fileRef = 5A6BA4F9237D485EA68452F1 /* PECropView.m */; };
		CDCA1367D0204E18B728DCC3 /* PECropViewController.m in Sources */ = {isa = PBXBuildFile; fileRef = 251D9536B9BF461BB5F0CB9F /* PECropViewController.m */; };
		C87CD03121F94D248B9AB2EF /* PEResizeControl.m in Sources */ = {isa = PBXBuildFile; fileRef = 2F87F76E0D5F4B1A816EF8F9 /* PEResizeControl.m */; };
		5FD13B6538BE4A199653F96C /* UIImage+PECrop.m in Sources */ = {isa = PBXBuildFile; fileRef = 43A84C4792614E6AB1D37800 /* UIImage+PECrop.m */; };
		C939CBFE69D6490C8EF426A1 /* PEPhotoCropEditor.bundle in Resources */ = {isa = PBXBuildFile; fileRef = 4D40B838CE2E434EA8A7F0E3 /* PEPhotoCropEditor.bundle */; };
		DB720F3EA6DF4FE9A2572053 /* QuartzCore.framework in Frameworks */ = {isa = PBXBuildFile; fileRef = C3A3C4960A6B45D297FD4924 /* QuartzCore.framework */; };
		F9F9BDFBA22A4248A0BFE553 /* DatePicker.m in Sources */ = {isa = PBXBuildFile; fileRef = CF5DA7405D9641D1AA5FDB36 /* DatePicker.m */; };
		C2C49AE865294D9B8FCC1097 /* DatePicker.xib in Resources */ = {isa = PBXBuildFile; fileRef = 44C3C1DB6FEB41849725E734 /* DatePicker.xib */; };
		EF2F5D67BC3E4DBAB4EE7112 /* CDVFileTransfer.m in Sources */ = {isa = PBXBuildFile; fileRef = 1908BC9CDE46494B9B4D9B47 /* CDVFileTransfer.m */; };
		E0DCAC6C0F6742FDB9176E47 /* CDVInAppBrowser.m in Sources */ = {isa = PBXBuildFile; fileRef = CAF943FC7EDC41B4921F6D43 /* CDVInAppBrowser.m */; };
		B1410BE88C5F41F8B4889373 /* Insomnia.m in Sources */ = {isa = PBXBuildFile; fileRef = A1C7C960EE7642F4BAFA4675 /* Insomnia.m */; };
		87930C23041E4BD697F5257F /* CDVIonicKeyboard.m in Sources */ = {isa = PBXBuildFile; fileRef = 5B6774C0D7834A83B6B7B7BF /* CDVIonicKeyboard.m */; };
		E89B3966FF064E1EA4DB8EDF /* CDVWKWebViewEngine.m in Sources */ = {isa = PBXBuildFile; fileRef = BC71192D0F9D4CADBAD99B0D /* CDVWKWebViewEngine.m */; };
		C5C0EB1E6DA9442FB19DF719 /* CDVWKWebViewUIDelegate.m in Sources */ = {isa = PBXBuildFile; fileRef = 6649847040F2433DBDF09CC7 /* CDVWKWebViewUIDelegate.m */; };
		7B586A4A550045F29A6A7126 /* CDVWKProcessPoolFactory.m in Sources */ = {isa = PBXBuildFile; fileRef = 564128055B694641ADAE5322 /* CDVWKProcessPoolFactory.m */; };
		8F466218889344E29698A288 /* GCDWebServer.m in Sources */ = {isa = PBXBuildFile; fileRef = 490E11FCA4394F228680E43F /* GCDWebServer.m */; };
		7BDE7716FBE9432C8FE44BC3 /* GCDWebServerConnection.m in Sources */ = {isa = PBXBuildFile; fileRef = 0F55279CFE174BB5A01F3B2A /* GCDWebServerConnection.m */; };
		83DF2741D0864037B1882715 /* GCDWebServerFunctions.m in Sources */ = {isa = PBXBuildFile; fileRef = 1C805B12656046469BA1D947 /* GCDWebServerFunctions.m */; };
		C28A3F40ED97486B9408AEEA /* GCDWebServerRequest.m in Sources */ = {isa = PBXBuildFile; fileRef = 259C3140CCFF41DBAEAD21DC /* GCDWebServerRequest.m */; };
		07A72FCE4E2745EBBD70B5E7 /* GCDWebServerResponse.m in Sources */ = {isa = PBXBuildFile; fileRef = FB7C3447F52546D3A9E894E5 /* GCDWebServerResponse.m */; };
		0EAE1E25113F4A6BA99F07D3 /* GCDWebServerDataRequest.m in Sources */ = {isa = PBXBuildFile; fileRef = 4F210FC1DBA747F2A60501C9 /* GCDWebServerDataRequest.m */; };
		37F8A2CB56CC41A4B85DE61F /* GCDWebServerFileRequest.m in Sources */ = {isa = PBXBuildFile; fileRef = A1F1F47C4A384261B59066CA /* GCDWebServerFileRequest.m */; };
		8538858DA77D4048937E7166 /* GCDWebServerMultiPartFormRequest.m in Sources */ = {isa = PBXBuildFile; fileRef = 3CC5D49692444733892871B1 /* GCDWebServerMultiPartFormRequest.m */; };
		DEF336A396254E7D8012471D /* GCDWebServerURLEncodedFormRequest.m in Sources */ = {isa = PBXBuildFile; fileRef = DE53658AD88546D1937EBB75 /* GCDWebServerURLEncodedFormRequest.m */; };
		A748E37B69784630B0E05977 /* GCDWebServerDataResponse.m in Sources */ = {isa = PBXBuildFile; fileRef = 407E58C1957643E1BA2A0DBE /* GCDWebServerDataResponse.m */; };
		13FA73F043B54F3285FE9FF7 /* GCDWebServerErrorResponse.m in Sources */ = {isa = PBXBuildFile; fileRef = 19AE301738924C73AB13EE5C /* GCDWebServerErrorResponse.m */; };
		A93348914DEF471B839AA5B2 /* GCDWebServerFileResponse.m in Sources */ = {isa = PBXBuildFile; fileRef = 99192E26BFDA413E942C01E5 /* GCDWebServerFileResponse.m */; };
		67AE8FD35B5448D7BA6C3AD3 /* GCDWebServerStreamedResponse.m in Sources */ = {isa = PBXBuildFile; fileRef = FEDDD0812A59463EA8BA4905 /* GCDWebServerStreamedResponse.m */; };
		E101599830E14E26B04B5122 /* WebKit.framework in Frameworks */ = {isa = PBXBuildFile; fileRef = C97AD400FECD46B9B554CEFB /* WebKit.framework */; settings = {ATTRIBUTES = (Weak, ); }; };
		9C86BDC33FCB4E348ED058A4 /* libz.tbd in Frameworks */ = {isa = PBXBuildFile; fileRef = 2EAFB25540B54C8FB142EA12 /* libz.tbd */; };
		73395CE0A5EA4C0B84B2CB82 /* APPLocalNotification.m in Sources */ = {isa = PBXBuildFile; fileRef = 7443716744BB4CF994C76340 /* APPLocalNotification.m */; };
		CFF8F1E62C3E431BA2B65D07 /* APPNotificationContent.m in Sources */ = {isa = PBXBuildFile; fileRef = 1F5F07D9DD464DCBACBDA951 /* APPNotificationContent.m */; };
		C3C380729454414EBE673653 /* APPNotificationOptions.m in Sources */ = {isa = PBXBuildFile; fileRef = 12D8779BF28540F7AC28F2D5 /* APPNotificationOptions.m */; };
		58D7E0750FB8489EAFCA30E8 /* UNUserNotificationCenter+APPLocalNotification.m in Sources */ = {isa = PBXBuildFile; fileRef = 731D7D795ABC45EC9D0D47CA /* UNUserNotificationCenter+APPLocalNotification.m */; };
		FB9C2758401F4B8896A0BE28 /* UNNotificationRequest+APPLocalNotification.m in Sources */ = {isa = PBXBuildFile; fileRef = 0EAC9DE22B8F456AB37A0A47 /* UNNotificationRequest+APPLocalNotification.m */; };
		FA9ADC32C94C46CB89512614 /* UserNotifications.framework in Frameworks */ = {isa = PBXBuildFile; fileRef = 63F5436A2DFF49BA8C415377 /* UserNotifications.framework */; };
		669BB48DC87D400587BF50E2 /* CDVSound.m in Sources */ = {isa = PBXBuildFile; fileRef = BE1EA554317843C095BD973E /* CDVSound.m */; };
		CC355B094ABE4A4992695365 /* NativeAudio.m in Sources */ = {isa = PBXBuildFile; fileRef = 4B240341BD01496DA6A1827B /* NativeAudio.m */; };
		2C098D84AA4445FC8D7E20AD /* NativeAudioAsset.m in Sources */ = {isa = PBXBuildFile; fileRef = 2F555BCE823A40A39F050D90 /* NativeAudioAsset.m */; };
		7102E52062AD4A1DBB9DFAB2 /* Foundation.framework in Frameworks */ = {isa = PBXBuildFile; fileRef = 31AD6E7AFEEF4C778E2AC1F4 /* Foundation.framework */; };
		B7C310E12C9E41648F59CF2E /* AudioToolbox.framework in Frameworks */ = {isa = PBXBuildFile; fileRef = 33714F59C22D4669918425AA /* AudioToolbox.framework */; };
		0B9C9A0908A24BA590D73550 /* CDVSplashScreen.m in Sources */ = {isa = PBXBuildFile; fileRef = 9148494C847C4FEB97DE70FA /* CDVSplashScreen.m */; };
		3695E6E993514491A84170D3 /* CDVViewController+SplashScreen.m in Sources */ = {isa = PBXBuildFile; fileRef = 65295991E9DC40E8A6DD6926 /* CDVViewController+SplashScreen.m */; };
		0200AAA791554271B9DFCD15 /* CDVStatusBar.m in Sources */ = {isa = PBXBuildFile; fileRef = 9181E73FC50143949452D683 /* CDVStatusBar.m */; };
		F5D0928302084D2E8A0F2C83 /* NSString+SSURLEncoding.m in Sources */ = {isa = PBXBuildFile; fileRef = B59CCEAEC3A648B086F7A269 /* NSString+SSURLEncoding.m */; };
		AF7421BD2BFA44099C9AE48D /* SocialSharing.m in Sources */ = {isa = PBXBuildFile; fileRef = 93B4C5373F3945CA88C175EE /* SocialSharing.m */; };
		4C7A7041084A40E0842F8009 /* Social.framework in Frameworks */ = {isa = PBXBuildFile; fileRef = FD88084A4A21439DBC5177B9 /* Social.framework */; settings = {ATTRIBUTES = (Weak, ); }; };
		C05C7B42B16E4869AADE0F98 /* MessageUI.framework in Frameworks */ = {isa = PBXBuildFile; fileRef = 698B7EA8B40F435D8AF2A035 /* MessageUI.framework */; settings = {ATTRIBUTES = (Weak, ); }; };
		7C13139501A04EC181EA4142 /* SQLitePlugin.m in Sources */ = {isa = PBXBuildFile; fileRef = F92A23CFB8F440E7B095614E /* SQLitePlugin.m */; };
		17DE1D7F659C42B9B314CEF0 /* PSPDFThreadSafeMutableDictionary.m in Sources */ = {isa = PBXBuildFile; fileRef = 1E10041BE2704E50B9985092 /* PSPDFThreadSafeMutableDictionary.m */; settings = {COMPILER_FLAGS = "-w"; }; };
		91433B15FD60414096167AC4 /* sqlite3.c in Resources */ = {isa = PBXBuildFile; fileRef = 7D3C43FE4BE54FA1A2BE49B2 /* sqlite3.c */; settings = {COMPILER_FLAGS = "-w -DSQLITE_THREADSAFE=1 -DSQLITE_DEFAULT_SYNCHRONOUS=3 -DSQLITE_DEFAULT_MEMSTATUS=0 -DSQLITE_OMIT_DECLTYPE -DSQLITE_OMIT_DEPRECATED -DSQLITE_OMIT_PROGRESS_CALLBACK -DSQLITE_OMIT_SHARED_CACHE -DSQLITE_TEMP_STORE=2 -DSQLITE_OMIT_LOAD_EXTENSION -DSQLITE_ENABLE_FTS3 -DSQLITE_ENABLE_FTS3_PARENTHESIS -DSQLITE_ENABLE_FTS4 -DSQLITE_ENABLE_RTREE -DSQLITE_DEFAULT_PAGE_SIZE=1024 -DSQLITE_DEFAULT_CACHE_SIZE=2000"; }; };
/* End PBXBuildFile section */

/* Begin PBXContainerItemProxy section */
		301BF534109A57CC0062928A /* PBXContainerItemProxy */ = {
			isa = PBXContainerItemProxy;
			containerPortal = 301BF52D109A57CC0062928A /* CordovaLib.xcodeproj */;
			proxyType = 2;
			remoteGlobalIDString = D2AAC07E0554694100DB518D;
			remoteInfo = CordovaLib;
		};
		301BF550109A68C00062928A /* PBXContainerItemProxy */ = {
			isa = PBXContainerItemProxy;
			containerPortal = 301BF52D109A57CC0062928A /* CordovaLib.xcodeproj */;
			proxyType = 1;
			remoteGlobalIDString = D2AAC07D0554694100DB518D;
			remoteInfo = CordovaLib;
		};
/* End PBXContainerItemProxy section */

/* Begin PBXFileReference section */
		0207DA571B56EA530066E2B4 /* Images.xcassets */ = {isa = PBXFileReference; lastKnownFileType = folder.assetcatalog; name = Images.xcassets; path = "XFM Chiangmai/Images.xcassets"; sourceTree = SOURCE_ROOT; };
		1D3623240D0F684500981E51 /* AppDelegate.h */ = {isa = PBXFileReference; fileEncoding = 4; lastKnownFileType = sourcecode.c.h; path = AppDelegate.h; sourceTree = "<group>"; };
		1D3623250D0F684500981E51 /* AppDelegate.m */ = {isa = PBXFileReference; fileEncoding = 4; lastKnownFileType = sourcecode.c.objc; path = AppDelegate.m; sourceTree = "<group>"; };
		1D6058910D05DD3D006BFB54 /* XFM Chiangmai.app */ = {isa = PBXFileReference; explicitFileType = wrapper.application; includeInIndex = 0; path = "XFM Chiangmai.app"; sourceTree = BUILT_PRODUCTS_DIR; };
		29B97316FDCFA39411CA2CEA /* main.m */ = {isa = PBXFileReference; fileEncoding = 4; lastKnownFileType = sourcecode.c.objc; path = main.m; sourceTree = "<group>"; };
		301BF52D109A57CC0062928A /* CordovaLib.xcodeproj */ = {isa = PBXFileReference; lastKnownFileType = "wrapper.pb-project"; path = CordovaLib/CordovaLib.xcodeproj; sourceTree = "<group>"; };
		301BF56E109A69640062928A /* www */ = {isa = PBXFileReference; lastKnownFileType = folder; path = www; sourceTree = SOURCE_ROOT; };
		302D95EE14D2391D003F00A1 /* MainViewController.h */ = {isa = PBXFileReference; fileEncoding = 4; lastKnownFileType = sourcecode.c.h; path = MainViewController.h; sourceTree = "<group>"; };
		302D95EF14D2391D003F00A1 /* MainViewController.m */ = {isa = PBXFileReference; fileEncoding = 4; lastKnownFileType = sourcecode.c.objc; path = MainViewController.m; sourceTree = "<group>"; };
		302D95F014D2391D003F00A1 /* MainViewController.xib */ = {isa = PBXFileReference; fileEncoding = 4; lastKnownFileType = file.xib; path = MainViewController.xib; sourceTree = "<group>"; };
		3047A50F1AB8059700498E2A /* build-debug.xcconfig */ = {isa = PBXFileReference; fileEncoding = 4; lastKnownFileType = text.xcconfig; name = "build-debug.xcconfig"; path = cordova/build-debug.xcconfig; sourceTree = SOURCE_ROOT; };
		3047A5101AB8059700498E2A /* build-release.xcconfig */ = {isa = PBXFileReference; fileEncoding = 4; lastKnownFileType = text.xcconfig; name = "build-release.xcconfig"; path = cordova/build-release.xcconfig; sourceTree = SOURCE_ROOT; };
		3047A5111AB8059700498E2A /* build.xcconfig */ = {isa = PBXFileReference; fileEncoding = 4; lastKnownFileType = text.xcconfig; name = build.xcconfig; path = cordova/build.xcconfig; sourceTree = SOURCE_ROOT; };
		32CA4F630368D1EE00C91783 /* XFM Chiangmai-Prefix.pch */ = {isa = PBXFileReference; fileEncoding = 4; lastKnownFileType = sourcecode.c.h; path = "XFM Chiangmai-Prefix.pch"; sourceTree = "<group>"; };
		6AFF5BF81D6E424B00AB3073 /* CDVLaunchScreen.storyboard */ = {isa = PBXFileReference; fileEncoding = 4; lastKnownFileType = file.storyboard; name = CDVLaunchScreen.storyboard; path = "XFM Chiangmai/CDVLaunchScreen.storyboard"; sourceTree = SOURCE_ROOT; };
		8D1107310486CEB800E47090 /* XFM Chiangmai-Info.plist */ = {isa = PBXFileReference; fileEncoding = 4; lastKnownFileType = text.plist.xml; name = "XFM Chiangmai-Info.plist"; path = "XFM Chiangmai/XFM Chiangmai-Info.plist"; plistStructureDefinitionIdentifier = "com.apple.xcode.plist.structure-definition.iphone.info-plist"; sourceTree = SOURCE_ROOT; };
		EB87FDF31871DA8E0020F90C /* www */ = {isa = PBXFileReference; lastKnownFileType = folder; name = www; path = ../../www; sourceTree = "<group>"; };
		EB87FDF41871DAF40020F90C /* config.xml */ = {isa = PBXFileReference; lastKnownFileType = text.xml; name = config.xml; path = ../../config.xml; sourceTree = "<group>"; };
		F840E1F0165FE0F500CFE078 /* config.xml */ = {isa = PBXFileReference; lastKnownFileType = text.xml; name = config.xml; path = "XFM Chiangmai/config.xml"; sourceTree = "<group>"; };
		ED33DF2A687741AEAF9F8254 /* Bridging-Header.h */ = {isa = PBXFileReference; fileEncoding = 4; lastKnownFileType = sourcecode.c.h; name = "Bridging-Header.h"; path = "Bridging-Header.h"; sourceTree = "<group>"; };
		9478C701CA8D4C3988A176BC /* CFCallNumber.m */ = {isa = PBXFileReference; name = "CFCallNumber.m"; path = "call-number/CFCallNumber.m"; sourceTree = "<group>"; fileEncoding = 4; lastKnownFileType = sourcecode.c.objc; explicitFileType = undefined; includeInIndex = 0; };
		964067F0CD4242E7952739EF /* CFCallNumber.h */ = {isa = PBXFileReference; name = "CFCallNumber.h"; path = "call-number/CFCallNumber.h"; sourceTree = "<group>"; fileEncoding = 4; lastKnownFileType = sourcecode.c.h; explicitFileType = undefined; includeInIndex = 0; };
		8730F7E52D604EF0A9B5C184 /* StreamingMedia.m */ = {isa = PBXFileReference; name = "StreamingMedia.m"; path = "com.hutchind.cordova.plugins.streamingmedia/StreamingMedia.m"; sourceTree = "<group>"; fileEncoding = 4; lastKnownFileType = sourcecode.c.objc; explicitFileType = undefined; includeInIndex = 0; };
		1E91F2CEEB89481CA0FED67B /* StreamingMedia.h */ = {isa = PBXFileReference; name = "StreamingMedia.h"; path = "com.hutchind.cordova.plugins.streamingmedia/StreamingMedia.h"; sourceTree = "<group>"; fileEncoding = 4; lastKnownFileType = sourcecode.c.h; explicitFileType = undefined; includeInIndex = 0; };
		07FAF6120C754D829F0F0C3A /* MediaPlayer.framework */ = {isa = PBXFileReference; name = "MediaPlayer.framework"; path = "System/Library/Frameworks/MediaPlayer.framework"; sourceTree = SDKROOT; fileEncoding = undefined; lastKnownFileType = wrapper.framework; explicitFileType = undefined; includeInIndex = 0; };
		54F104E2BC6942E492CFB4F7 /* CDVFile.m */ = {isa = PBXFileReference; name = "CDVFile.m"; path = "cordova-plugin-file/CDVFile.m"; sourceTree = "<group>"; fileEncoding = 4; lastKnownFileType = sourcecode.c.objc; explicitFileType = undefined; includeInIndex = 0; };
		E9068B89A241449C81BEE4C3 /* CDVLocalFilesystem.m */ = {isa = PBXFileReference; name = "CDVLocalFilesystem.m"; path = "cordova-plugin-file/CDVLocalFilesystem.m"; sourceTree = "<group>"; fileEncoding = 4; lastKnownFileType = sourcecode.c.objc; explicitFileType = undefined; includeInIndex = 0; };
		29FCC8C07FFA4F10819E73F2 /* CDVAssetLibraryFilesystem.m */ = {isa = PBXFileReference; name = "CDVAssetLibraryFilesystem.m"; path = "cordova-plugin-file/CDVAssetLibraryFilesystem.m"; sourceTree = "<group>"; fileEncoding = 4; lastKnownFileType = sourcecode.c.objc; explicitFileType = undefined; includeInIndex = 0; };
		C51CFD0C101242929669A710 /* CDVFile.h */ = {isa = PBXFileReference; name = "CDVFile.h"; path = "cordova-plugin-file/CDVFile.h"; sourceTree = "<group>"; fileEncoding = 4; lastKnownFileType = sourcecode.c.h; explicitFileType = undefined; includeInIndex = 0; };
		F9D3A52CA81A44469815A1F2 /* CDVLocalFilesystem.h */ = {isa = PBXFileReference; name = "CDVLocalFilesystem.h"; path = "cordova-plugin-file/CDVLocalFilesystem.h"; sourceTree = "<group>"; fileEncoding = 4; lastKnownFileType = sourcecode.c.h; explicitFileType = undefined; includeInIndex = 0; };
		1643FE2C99464F05B953DB7F /* CDVAssetLibraryFilesystem.h */ = {isa = PBXFileReference; name = "CDVAssetLibraryFilesystem.h"; path = "cordova-plugin-file/CDVAssetLibraryFilesystem.h"; sourceTree = "<group>"; fileEncoding = 4; lastKnownFileType = sourcecode.c.h; explicitFileType = undefined; includeInIndex = 0; };
		3AEF62BA5D4642E8BE0ABE3C /* CordovaHttpPlugin.m */ = {isa = PBXFileReference; name = "CordovaHttpPlugin.m"; path = "cordova-plugin-advanced-http/CordovaHttpPlugin.m"; sourceTree = "<group>"; fileEncoding = 4; lastKnownFileType = sourcecode.c.objc; explicitFileType = undefined; includeInIndex = 0; };
		070FC2D639124E2996F7638B /* TextResponseSerializer.m */ = {isa = PBXFileReference; name = "TextResponseSerializer.m"; path = "cordova-plugin-advanced-http/TextResponseSerializer.m"; sourceTree = "<group>"; fileEncoding = 4; lastKnownFileType = sourcecode.c.objc; explicitFileType = undefined; includeInIndex = 0; };
		98FF608EC81142E4895F9706 /* TextRequestSerializer.m */ = {isa = PBXFileReference; name = "TextRequestSerializer.m"; path = "cordova-plugin-advanced-http/TextRequestSerializer.m"; sourceTree = "<group>"; fileEncoding = 4; lastKnownFileType = sourcecode.c.objc; explicitFileType = undefined; includeInIndex = 0; };
		866245449E034AB9AEB93AE9 /* AFHTTPSessionManager.m */ = {isa = PBXFileReference; name = "AFHTTPSessionManager.m"; path = "cordova-plugin-advanced-http/AFHTTPSessionManager.m"; sourceTree = "<group>"; fileEncoding = 4; lastKnownFileType = sourcecode.c.objc; explicitFileType = undefined; includeInIndex = 0; };
		3E348223E98F408392AD9A3C /* AFNetworkReachabilityManager.m */ = {isa = PBXFileReference; name = "AFNetworkReachabilityManager.m"; path = "cordova-plugin-advanced-http/AFNetworkReachabilityManager.m"; sourceTree = "<group>"; fileEncoding = 4; lastKnownFileType = sourcecode.c.objc; explicitFileType = undefined; includeInIndex = 0; };
		E4B30EC8C25D46D580BC5B8E /* AFSecurityPolicy.m */ = {isa = PBXFileReference; name = "AFSecurityPolicy.m"; path = "cordova-plugin-advanced-http/AFSecurityPolicy.m"; sourceTree = "<group>"; fileEncoding = 4; lastKnownFileType = sourcecode.c.objc; explicitFileType = undefined; includeInIndex = 0; };
		8F4B940E909B447CA4B98250 /* AFURLRequestSerialization.m */ = {isa = PBXFileReference; name = "AFURLRequestSerialization.m"; path = "cordova-plugin-advanced-http/AFURLRequestSerialization.m"; sourceTree = "<group>"; fileEncoding = 4; lastKnownFileType = sourcecode.c.objc; explicitFileType = undefined; includeInIndex = 0; };
		0DF2852995A74DA1ACCCD505 /* AFURLResponseSerialization.m */ = {isa = PBXFileReference; name = "AFURLResponseSerialization.m"; path = "cordova-plugin-advanced-http/AFURLResponseSerialization.m"; sourceTree = "<group>"; fileEncoding = 4; lastKnownFileType = sourcecode.c.objc; explicitFileType = undefined; includeInIndex = 0; };
		6E9BF9C1D5F64486BECF1D9A /* AFURLSessionManager.m */ = {isa = PBXFileReference; name = "AFURLSessionManager.m"; path = "cordova-plugin-advanced-http/AFURLSessionManager.m"; sourceTree = "<group>"; fileEncoding = 4; lastKnownFileType = sourcecode.c.objc; explicitFileType = undefined; includeInIndex = 0; };
		5D54E2124CAD402E81DB4901 /* CordovaHttpPlugin.h */ = {isa = PBXFileReference; name = "CordovaHttpPlugin.h"; path = "cordova-plugin-advanced-http/CordovaHttpPlugin.h"; sourceTree = "<group>"; fileEncoding = 4; lastKnownFileType = sourcecode.c.h; explicitFileType = undefined; includeInIndex = 0; };
		79C05627794C47FFA45C0E7C /* TextResponseSerializer.h */ = {isa = PBXFileReference; name = "TextResponseSerializer.h"; path = "cordova-plugin-advanced-http/TextResponseSerializer.h"; sourceTree = "<group>"; fileEncoding = 4; lastKnownFileType = sourcecode.c.h; explicitFileType = undefined; includeInIndex = 0; };
		F237F7041A7D41D6B6B6A8E4 /* TextRequestSerializer.h */ = {isa = PBXFileReference; name = "TextRequestSerializer.h"; path = "cordova-plugin-advanced-http/TextRequestSerializer.h"; sourceTree = "<group>"; fileEncoding = 4; lastKnownFileType = sourcecode.c.h; explicitFileType = undefined; includeInIndex = 0; };
		7D068F9E92694D1BB0C53513 /* AFHTTPSessionManager.h */ = {isa = PBXFileReference; name = "AFHTTPSessionManager.h"; path = "cordova-plugin-advanced-http/AFHTTPSessionManager.h"; sourceTree = "<group>"; fileEncoding = 4; lastKnownFileType = sourcecode.c.h; explicitFileType = undefined; includeInIndex = 0; };
		AF4195F241DE4F019720FC64 /* AFNetworking.h */ = {isa = PBXFileReference; name = "AFNetworking.h"; path = "cordova-plugin-advanced-http/AFNetworking.h"; sourceTree = "<group>"; fileEncoding = 4; lastKnownFileType = sourcecode.c.h; explicitFileType = undefined; includeInIndex = 0; };
		EF677BBEF90841A09478CEC4 /* AFNetworkReachabilityManager.h */ = {isa = PBXFileReference; name = "AFNetworkReachabilityManager.h"; path = "cordova-plugin-advanced-http/AFNetworkReachabilityManager.h"; sourceTree = "<group>"; fileEncoding = 4; lastKnownFileType = sourcecode.c.h; explicitFileType = undefined; includeInIndex = 0; };
		5BA1C1EDF25A44DFA137FB74 /* AFSecurityPolicy.h */ = {isa = PBXFileReference; name = "AFSecurityPolicy.h"; path = "cordova-plugin-advanced-http/AFSecurityPolicy.h"; sourceTree = "<group>"; fileEncoding = 4; lastKnownFileType = sourcecode.c.h; explicitFileType = undefined; includeInIndex = 0; };
		06A2FEA47C6840C4BE448726 /* AFURLRequestSerialization.h */ = {isa = PBXFileReference; name = "AFURLRequestSerialization.h"; path = "cordova-plugin-advanced-http/AFURLRequestSerialization.h"; sourceTree = "<group>"; fileEncoding = 4; lastKnownFileType = sourcecode.c.h; explicitFileType = undefined; includeInIndex = 0; };
		ECD125299F964DFD96A7F804 /* AFURLResponseSerialization.h */ = {isa = PBXFileReference; name = "AFURLResponseSerialization.h"; path = "cordova-plugin-advanced-http/AFURLResponseSerialization.h"; sourceTree = "<group>"; fileEncoding = 4; lastKnownFileType = sourcecode.c.h; explicitFileType = undefined; includeInIndex = 0; };
		327FD4F4C21B479B86F5E1F5 /* AFURLSessionManager.h */ = {isa = PBXFileReference; name = "AFURLSessionManager.h"; path = "cordova-plugin-advanced-http/AFURLSessionManager.h"; sourceTree = "<group>"; fileEncoding = 4; lastKnownFileType = sourcecode.c.h; explicitFileType = undefined; includeInIndex = 0; };
		1B08F976118948A58EFA99B6 /* Security.framework */ = {isa = PBXFileReference; name = "Security.framework"; path = "System/Library/Frameworks/Security.framework"; sourceTree = SDKROOT; fileEncoding = undefined; lastKnownFileType = wrapper.framework; explicitFileType = undefined; includeInIndex = 0; };
		CEB4228CD28A4AF097DE7AEE /* SystemConfiguration.framework */ = {isa = PBXFileReference; name = "SystemConfiguration.framework"; path = "System/Library/Frameworks/SystemConfiguration.framework"; sourceTree = SDKROOT; fileEncoding = undefined; lastKnownFileType = wrapper.framework; explicitFileType = undefined; includeInIndex = 0; };
		DC09E1C113E041C8AA649EE7 /* CDVDevice.m */ = {isa = PBXFileReference; name = "CDVDevice.m"; path = "cordova-plugin-device/CDVDevice.m"; sourceTree = "<group>"; fileEncoding = 4; lastKnownFileType = sourcecode.c.objc; explicitFileType = undefined; includeInIndex = 0; };
		19B0F78091DD4726B33A48D0 /* CDVDevice.h */ = {isa = PBXFileReference; name = "CDVDevice.h"; path = "cordova-plugin-device/CDVDevice.h"; sourceTree = "<group>"; fileEncoding = 4; lastKnownFileType = sourcecode.c.h; explicitFileType = undefined; includeInIndex = 0; };
		C81E4D4927EF4380927F5495 /* APPBackgroundMode.m */ = {isa = PBXFileReference; name = "APPBackgroundMode.m"; path = "cordova-plugin-background-mode/APPBackgroundMode.m"; sourceTree = "<group>"; fileEncoding = 4; lastKnownFileType = sourcecode.c.objc; explicitFileType = undefined; includeInIndex = 0; };
		AD501FC330D0448FBDEDB2F7 /* APPMethodMagic.m */ = {isa = PBXFileReference; name = "APPMethodMagic.m"; path = "cordova-plugin-background-mode/APPMethodMagic.m"; sourceTree = "<group>"; fileEncoding = 4; lastKnownFileType = sourcecode.c.objc; explicitFileType = undefined; includeInIndex = 0; };
		30CBB186BE364F0B8DF07F3C /* APPBackgroundMode.h */ = {isa = PBXFileReference; name = "APPBackgroundMode.h"; path = "cordova-plugin-background-mode/APPBackgroundMode.h"; sourceTree = "<group>"; fileEncoding = 4; lastKnownFileType = sourcecode.c.h; explicitFileType = undefined; includeInIndex = 0; };
		88E482DD64694F3486FEE469 /* APPMethodMagic.h */ = {isa = PBXFileReference; name = "APPMethodMagic.h"; path = "cordova-plugin-background-mode/APPMethodMagic.h"; sourceTree = "<group>"; fileEncoding = 4; lastKnownFileType = sourcecode.c.h; explicitFileType = undefined; includeInIndex = 0; };
		B6CFD37925674AB29D587AD8 /* appbeep.wav */ = {isa = PBXFileReference; name = "appbeep.wav"; path = "appbeep.wav"; sourceTree = "<group>"; fileEncoding = undefined; lastKnownFileType = unknown; explicitFileType = undefined; includeInIndex = 0; };
		0550E8AAFF624229ACE63A3A /* APPBadge.m */ = {isa = PBXFileReference; name = "APPBadge.m"; path = "cordova-plugin-badge/APPBadge.m"; sourceTree = "<group>"; fileEncoding = 4; lastKnownFileType = sourcecode.c.objc; explicitFileType = undefined; includeInIndex = 0; };
		CD6AABC22FC644EEAB290E57 /* APPBadge.h */ = {isa = PBXFileReference; name = "APPBadge.h"; path = "cordova-plugin-badge/APPBadge.h"; sourceTree = "<group>"; fileEncoding = 4; lastKnownFileType = sourcecode.c.h; explicitFileType = undefined; includeInIndex = 0; };
		8B25E618314F4E40AD714C18 /* UIImage+CropScaleOrientation.m */ = {isa = PBXFileReference; name = "UIImage+CropScaleOrientation.m"; path = "cordova-plugin-camera/UIImage+CropScaleOrientation.m"; sourceTree = "<group>"; fileEncoding = 4; lastKnownFileType = sourcecode.c.objc; explicitFileType = undefined; includeInIndex = 0; };
		4DBC8812EB9748269B9E56C9 /* CDVCamera.m */ = {isa = PBXFileReference; name = "CDVCamera.m"; path = "cordova-plugin-camera/CDVCamera.m"; sourceTree = "<group>"; fileEncoding = 4; lastKnownFileType = sourcecode.c.objc; explicitFileType = undefined; includeInIndex = 0; };
		CD615A41BEEF4145B9B73C79 /* CDVJpegHeaderWriter.m */ = {isa = PBXFileReference; name = "CDVJpegHeaderWriter.m"; path = "cordova-plugin-camera/CDVJpegHeaderWriter.m"; sourceTree = "<group>"; fileEncoding = 4; lastKnownFileType = sourcecode.c.objc; explicitFileType = undefined; includeInIndex = 0; };
		35D78139408E4BD4953FF2F6 /* UIImage+CropScaleOrientation.h */ = {isa = PBXFileReference; name = "UIImage+CropScaleOrientation.h"; path = "cordova-plugin-camera/UIImage+CropScaleOrientation.h"; sourceTree = "<group>"; fileEncoding = 4; lastKnownFileType = sourcecode.c.h; explicitFileType = undefined; includeInIndex = 0; };
		4C81011209DC45F2949EAA0E /* CDVCamera.h */ = {isa = PBXFileReference; name = "CDVCamera.h"; path = "cordova-plugin-camera/CDVCamera.h"; sourceTree = "<group>"; fileEncoding = 4; lastKnownFileType = sourcecode.c.h; explicitFileType = undefined; includeInIndex = 0; };
		3324FFD9405249C8A0EA23A1 /* CDVJpegHeaderWriter.h */ = {isa = PBXFileReference; name = "CDVJpegHeaderWriter.h"; path = "cordova-plugin-camera/CDVJpegHeaderWriter.h"; sourceTree = "<group>"; fileEncoding = 4; lastKnownFileType = sourcecode.c.h; explicitFileType = undefined; includeInIndex = 0; };
		4513830D292E49AAB2D0F245 /* CDVExif.h */ = {isa = PBXFileReference; name = "CDVExif.h"; path = "cordova-plugin-camera/CDVExif.h"; sourceTree = "<group>"; fileEncoding = 4; lastKnownFileType = sourcecode.c.h; explicitFileType = undefined; includeInIndex = 0; };
		A2FA35B9BB0C49B2963E89A1 /* ImageIO.framework */ = {isa = PBXFileReference; name = "ImageIO.framework"; path = "System/Library/Frameworks/ImageIO.framework"; sourceTree = SDKROOT; fileEncoding = undefined; lastKnownFileType = wrapper.framework; explicitFileType = undefined; includeInIndex = 0; };
		FBE5B8C6145F4AAF827E5896 /* CoreLocation.framework */ = {isa = PBXFileReference; name = "CoreLocation.framework"; path = "System/Library/Frameworks/CoreLocation.framework"; sourceTree = SDKROOT; fileEncoding = undefined; lastKnownFileType = wrapper.framework; explicitFileType = undefined; includeInIndex = 0; };
		461D64334B03489E915A6EBE /* AVFoundation.framework */ = {isa = PBXFileReference; name = "AVFoundation.framework"; path = "System/Library/Frameworks/AVFoundation.framework"; sourceTree = SDKROOT; fileEncoding = undefined; lastKnownFileType = wrapper.framework; explicitFileType = undefined; includeInIndex = 0; };
		15D38942816346C093247E0A /* CTCrop.m */ = {isa = PBXFileReference; name = "CTCrop.m"; path = "cordova-plugin-crop/CTCrop.m"; sourceTree = "<group>"; fileEncoding = 4; lastKnownFileType = sourcecode.c.objc; explicitFileType = undefined; includeInIndex = 0; };
		B878B5E1809C4D718AACBD8A /* PECropRectView.m */ = {isa = PBXFileReference; name = "PECropRectView.m"; path = "cordova-plugin-crop/PECropRectView.m"; sourceTree = "<group>"; fileEncoding = 4; lastKnownFileType = sourcecode.c.objc; explicitFileType = undefined; includeInIndex = 0; };
		5A6BA4F9237D485EA68452F1 /* PECropView.m */ = {isa = PBXFileReference; name = "PECropView.m"; path = "cordova-plugin-crop/PECropView.m"; sourceTree = "<group>"; fileEncoding = 4; lastKnownFileType = sourcecode.c.objc; explicitFileType = undefined; includeInIndex = 0; };
		251D9536B9BF461BB5F0CB9F /* PECropViewController.m */ = {isa = PBXFileReference; name = "PECropViewController.m"; path = "cordova-plugin-crop/PECropViewController.m"; sourceTree = "<group>"; fileEncoding = 4; lastKnownFileType = sourcecode.c.objc; explicitFileType = undefined; includeInIndex = 0; };
		2F87F76E0D5F4B1A816EF8F9 /* PEResizeControl.m */ = {isa = PBXFileReference; name = "PEResizeControl.m"; path = "cordova-plugin-crop/PEResizeControl.m"; sourceTree = "<group>"; fileEncoding = 4; lastKnownFileType = sourcecode.c.objc; explicitFileType = undefined; includeInIndex = 0; };
		43A84C4792614E6AB1D37800 /* UIImage+PECrop.m */ = {isa = PBXFileReference; name = "UIImage+PECrop.m"; path = "cordova-plugin-crop/UIImage+PECrop.m"; sourceTree = "<group>"; fileEncoding = 4; lastKnownFileType = sourcecode.c.objc; explicitFileType = undefined; includeInIndex = 0; };
		98CCE4EECD7344F5BCE7D33B /* CTCrop.h */ = {isa = PBXFileReference; name = "CTCrop.h"; path = "cordova-plugin-crop/CTCrop.h"; sourceTree = "<group>"; fileEncoding = 4; lastKnownFileType = sourcecode.c.h; explicitFileType = undefined; includeInIndex = 0; };
		57092AEC6A8F45B2B671CA0B /* PECropRectView.h */ = {isa = PBXFileReference; name = "PECropRectView.h"; path = "cordova-plugin-crop/PECropRectView.h"; sourceTree = "<group>"; fileEncoding = 4; lastKnownFileType = sourcecode.c.h; explicitFileType = undefined; includeInIndex = 0; };
		F6025A247ABB4561891CD02D /* PECropView.h */ = {isa = PBXFileReference; name = "PECropView.h"; path = "cordova-plugin-crop/PECropView.h"; sourceTree = "<group>"; fileEncoding = 4; lastKnownFileType = sourcecode.c.h; explicitFileType = undefined; includeInIndex = 0; };
		3AF821FA3306444E976584AC /* PECropViewController.h */ = {isa = PBXFileReference; name = "PECropViewController.h"; path = "cordova-plugin-crop/PECropViewController.h"; sourceTree = "<group>"; fileEncoding = 4; lastKnownFileType = sourcecode.c.h; explicitFileType = undefined; includeInIndex = 0; };
		810886DEA7C54DE88D7C1019 /* PEResizeControl.h */ = {isa = PBXFileReference; name = "PEResizeControl.h"; path = "cordova-plugin-crop/PEResizeControl.h"; sourceTree = "<group>"; fileEncoding = 4; lastKnownFileType = sourcecode.c.h; explicitFileType = undefined; includeInIndex = 0; };
		B97AFEEBA90240598EF34A08 /* UIImage+PECrop.h */ = {isa = PBXFileReference; name = "UIImage+PECrop.h"; path = "cordova-plugin-crop/UIImage+PECrop.h"; sourceTree = "<group>"; fileEncoding = 4; lastKnownFileType = sourcecode.c.h; explicitFileType = undefined; includeInIndex = 0; };
		4D40B838CE2E434EA8A7F0E3 /* PEPhotoCropEditor.bundle */ = {isa = PBXFileReference; name = "PEPhotoCropEditor.bundle"; path = "PEPhotoCropEditor.bundle"; sourceTree = "<group>"; fileEncoding = undefined; lastKnownFileType = wrapper.plug-in; explicitFileType = undefined; includeInIndex = 0; };
		C3A3C4960A6B45D297FD4924 /* QuartzCore.framework */ = {isa = PBXFileReference; name = "QuartzCore.framework"; path = "System/Library/Frameworks/QuartzCore.framework"; sourceTree = SDKROOT; fileEncoding = undefined; lastKnownFileType = wrapper.framework; explicitFileType = undefined; includeInIndex = 0; };
		CF5DA7405D9641D1AA5FDB36 /* DatePicker.m */ = {isa = PBXFileReference; name = "DatePicker.m"; path = "cordova-plugin-datepicker/DatePicker.m"; sourceTree = "<group>"; fileEncoding = 4; lastKnownFileType = sourcecode.c.objc; explicitFileType = undefined; includeInIndex = 0; };
		B192D2FE85FD4A2BBEFF53EF /* DatePicker.h */ = {isa = PBXFileReference; name = "DatePicker.h"; path = "cordova-plugin-datepicker/DatePicker.h"; sourceTree = "<group>"; fileEncoding = 4; lastKnownFileType = sourcecode.c.h; explicitFileType = undefined; includeInIndex = 0; };
		44C3C1DB6FEB41849725E734 /* DatePicker.xib */ = {isa = PBXFileReference; name = "DatePicker.xib"; path = "DatePicker.xib"; sourceTree = "<group>"; fileEncoding = undefined; lastKnownFileType = file.xib; explicitFileType = undefined; includeInIndex = 0; };
		1908BC9CDE46494B9B4D9B47 /* CDVFileTransfer.m */ = {isa = PBXFileReference; name = "CDVFileTransfer.m"; path = "cordova-plugin-file-transfer/CDVFileTransfer.m"; sourceTree = "<group>"; fileEncoding = 4; lastKnownFileType = sourcecode.c.objc; explicitFileType = undefined; includeInIndex = 0; };
		3E7EF033ABCE4B3CB92B894C /* CDVFileTransfer.h */ = {isa = PBXFileReference; name = "CDVFileTransfer.h"; path = "cordova-plugin-file-transfer/CDVFileTransfer.h"; sourceTree = "<group>"; fileEncoding = 4; lastKnownFileType = sourcecode.c.h; explicitFileType = undefined; includeInIndex = 0; };
		CAF943FC7EDC41B4921F6D43 /* CDVInAppBrowser.m */ = {isa = PBXFileReference; name = "CDVInAppBrowser.m"; path = "cordova-plugin-inappbrowser/CDVInAppBrowser.m"; sourceTree = "<group>"; fileEncoding = 4; lastKnownFileType = sourcecode.c.objc; explicitFileType = undefined; includeInIndex = 0; };
		B78DDD7545FA486491DA5C0D /* CDVInAppBrowser.h */ = {isa = PBXFileReference; name = "CDVInAppBrowser.h"; path = "cordova-plugin-inappbrowser/CDVInAppBrowser.h"; sourceTree = "<group>"; fileEncoding = 4; lastKnownFileType = sourcecode.c.h; explicitFileType = undefined; includeInIndex = 0; };
		A1C7C960EE7642F4BAFA4675 /* Insomnia.m */ = {isa = PBXFileReference; name = "Insomnia.m"; path = "cordova-plugin-insomnia/Insomnia.m"; sourceTree = "<group>"; fileEncoding = 4; lastKnownFileType = sourcecode.c.objc; explicitFileType = undefined; includeInIndex = 0; };
		4631733AD6474B7ABE30D504 /* Insomnia.h */ = {isa = PBXFileReference; name = "Insomnia.h"; path = "cordova-plugin-insomnia/Insomnia.h"; sourceTree = "<group>"; fileEncoding = 4; lastKnownFileType = sourcecode.c.h; explicitFileType = undefined; includeInIndex = 0; };
		5B6774C0D7834A83B6B7B7BF /* CDVIonicKeyboard.m */ = {isa = PBXFileReference; name = "CDVIonicKeyboard.m"; path = "cordova-plugin-ionic-keyboard/CDVIonicKeyboard.m"; sourceTree = "<group>"; fileEncoding = 4; lastKnownFileType = sourcecode.c.objc; explicitFileType = undefined; includeInIndex = 0; };
		57B5A6DF7E72403297C736A6 /* CDVIonicKeyboard.h */ = {isa = PBXFileReference; name = "CDVIonicKeyboard.h"; path = "cordova-plugin-ionic-keyboard/CDVIonicKeyboard.h"; sourceTree = "<group>"; fileEncoding = 4; lastKnownFileType = sourcecode.c.h; explicitFileType = undefined; includeInIndex = 0; };
		BC71192D0F9D4CADBAD99B0D /* CDVWKWebViewEngine.m */ = {isa = PBXFileReference; name = "CDVWKWebViewEngine.m"; path = "cordova-plugin-ionic-webview/CDVWKWebViewEngine.m"; sourceTree = "<group>"; fileEncoding = 4; lastKnownFileType = sourcecode.c.objc; explicitFileType = undefined; includeInIndex = 0; };
		6649847040F2433DBDF09CC7 /* CDVWKWebViewUIDelegate.m */ = {isa = PBXFileReference; name = "CDVWKWebViewUIDelegate.m"; path = "cordova-plugin-ionic-webview/CDVWKWebViewUIDelegate.m"; sourceTree = "<group>"; fileEncoding = 4; lastKnownFileType = sourcecode.c.objc; explicitFileType = undefined; includeInIndex = 0; };
		564128055B694641ADAE5322 /* CDVWKProcessPoolFactory.m */ = {isa = PBXFileReference; name = "CDVWKProcessPoolFactory.m"; path = "cordova-plugin-ionic-webview/CDVWKProcessPoolFactory.m"; sourceTree = "<group>"; fileEncoding = 4; lastKnownFileType = sourcecode.c.objc; explicitFileType = undefined; includeInIndex = 0; };
		490E11FCA4394F228680E43F /* GCDWebServer.m */ = {isa = PBXFileReference; name = "GCDWebServer.m"; path = "cordova-plugin-ionic-webview/GCDWebServer.m"; sourceTree = "<group>"; fileEncoding = 4; lastKnownFileType = sourcecode.c.objc; explicitFileType = undefined; includeInIndex = 0; };
		0F55279CFE174BB5A01F3B2A /* GCDWebServerConnection.m */ = {isa = PBXFileReference; name = "GCDWebServerConnection.m"; path = "cordova-plugin-ionic-webview/GCDWebServerConnection.m"; sourceTree = "<group>"; fileEncoding = 4; lastKnownFileType = sourcecode.c.objc; explicitFileType = undefined; includeInIndex = 0; };
		1C805B12656046469BA1D947 /* GCDWebServerFunctions.m */ = {isa = PBXFileReference; name = "GCDWebServerFunctions.m"; path = "cordova-plugin-ionic-webview/GCDWebServerFunctions.m"; sourceTree = "<group>"; fileEncoding = 4; lastKnownFileType = sourcecode.c.objc; explicitFileType = undefined; includeInIndex = 0; };
		259C3140CCFF41DBAEAD21DC /* GCDWebServerRequest.m */ = {isa = PBXFileReference; name = "GCDWebServerRequest.m"; path = "cordova-plugin-ionic-webview/GCDWebServerRequest.m"; sourceTree = "<group>"; fileEncoding = 4; lastKnownFileType = sourcecode.c.objc; explicitFileType = undefined; includeInIndex = 0; };
		FB7C3447F52546D3A9E894E5 /* GCDWebServerResponse.m */ = {isa = PBXFileReference; name = "GCDWebServerResponse.m"; path = "cordova-plugin-ionic-webview/GCDWebServerResponse.m"; sourceTree = "<group>"; fileEncoding = 4; lastKnownFileType = sourcecode.c.objc; explicitFileType = undefined; includeInIndex = 0; };
		4F210FC1DBA747F2A60501C9 /* GCDWebServerDataRequest.m */ = {isa = PBXFileReference; name = "GCDWebServerDataRequest.m"; path = "cordova-plugin-ionic-webview/GCDWebServerDataRequest.m"; sourceTree = "<group>"; fileEncoding = 4; lastKnownFileType = sourcecode.c.objc; explicitFileType = undefined; includeInIndex = 0; };
		A1F1F47C4A384261B59066CA /* GCDWebServerFileRequest.m */ = {isa = PBXFileReference; name = "GCDWebServerFileRequest.m"; path = "cordova-plugin-ionic-webview/GCDWebServerFileRequest.m"; sourceTree = "<group>"; fileEncoding = 4; lastKnownFileType = sourcecode.c.objc; explicitFileType = undefined; includeInIndex = 0; };
		3CC5D49692444733892871B1 /* GCDWebServerMultiPartFormRequest.m */ = {isa = PBXFileReference; name = "GCDWebServerMultiPartFormRequest.m"; path = "cordova-plugin-ionic-webview/GCDWebServerMultiPartFormRequest.m"; sourceTree = "<group>"; fileEncoding = 4; lastKnownFileType = sourcecode.c.objc; explicitFileType = undefined; includeInIndex = 0; };
		DE53658AD88546D1937EBB75 /* GCDWebServerURLEncodedFormRequest.m */ = {isa = PBXFileReference; name = "GCDWebServerURLEncodedFormRequest.m"; path = "cordova-plugin-ionic-webview/GCDWebServerURLEncodedFormRequest.m"; sourceTree = "<group>"; fileEncoding = 4; lastKnownFileType = sourcecode.c.objc; explicitFileType = undefined; includeInIndex = 0; };
		407E58C1957643E1BA2A0DBE /* GCDWebServerDataResponse.m */ = {isa = PBXFileReference; name = "GCDWebServerDataResponse.m"; path = "cordova-plugin-ionic-webview/GCDWebServerDataResponse.m"; sourceTree = "<group>"; fileEncoding = 4; lastKnownFileType = sourcecode.c.objc; explicitFileType = undefined; includeInIndex = 0; };
		19AE301738924C73AB13EE5C /* GCDWebServerErrorResponse.m */ = {isa = PBXFileReference; name = "GCDWebServerErrorResponse.m"; path = "cordova-plugin-ionic-webview/GCDWebServerErrorResponse.m"; sourceTree = "<group>"; fileEncoding = 4; lastKnownFileType = sourcecode.c.objc; explicitFileType = undefined; includeInIndex = 0; };
		99192E26BFDA413E942C01E5 /* GCDWebServerFileResponse.m */ = {isa = PBXFileReference; name = "GCDWebServerFileResponse.m"; path = "cordova-plugin-ionic-webview/GCDWebServerFileResponse.m"; sourceTree = "<group>"; fileEncoding = 4; lastKnownFileType = sourcecode.c.objc; explicitFileType = undefined; includeInIndex = 0; };
		FEDDD0812A59463EA8BA4905 /* GCDWebServerStreamedResponse.m */ = {isa = PBXFileReference; name = "GCDWebServerStreamedResponse.m"; path = "cordova-plugin-ionic-webview/GCDWebServerStreamedResponse.m"; sourceTree = "<group>"; fileEncoding = 4; lastKnownFileType = sourcecode.c.objc; explicitFileType = undefined; includeInIndex = 0; };
		1997159FF48B4B3AA87B0DC9 /* CDVWKWebViewEngine.h */ = {isa = PBXFileReference; name = "CDVWKWebViewEngine.h"; path = "cordova-plugin-ionic-webview/CDVWKWebViewEngine.h"; sourceTree = "<group>"; fileEncoding = 4; lastKnownFileType = sourcecode.c.h; explicitFileType = undefined; includeInIndex = 0; };
		A0AEEC8AD22440589DF31634 /* CDVWKWebViewUIDelegate.h */ = {isa = PBXFileReference; name = "CDVWKWebViewUIDelegate.h"; path = "cordova-plugin-ionic-webview/CDVWKWebViewUIDelegate.h"; sourceTree = "<group>"; fileEncoding = 4; lastKnownFileType = sourcecode.c.h; explicitFileType = undefined; includeInIndex = 0; };
		D9BF5D071BD24E16874994F8 /* CDVWKProcessPoolFactory.h */ = {isa = PBXFileReference; name = "CDVWKProcessPoolFactory.h"; path = "cordova-plugin-ionic-webview/CDVWKProcessPoolFactory.h"; sourceTree = "<group>"; fileEncoding = 4; lastKnownFileType = sourcecode.c.h; explicitFileType = undefined; includeInIndex = 0; };
		DC26C71E826E44BEA6E20A5E /* GCDWebServer.h */ = {isa = PBXFileReference; name = "GCDWebServer.h"; path = "cordova-plugin-ionic-webview/GCDWebServer.h"; sourceTree = "<group>"; fileEncoding = 4; lastKnownFileType = sourcecode.c.h; explicitFileType = undefined; includeInIndex = 0; };
		240B83A6D8BE48E4BA737AC7 /* GCDWebServerConnection.h */ = {isa = PBXFileReference; name = "GCDWebServerConnection.h"; path = "cordova-plugin-ionic-webview/GCDWebServerConnection.h"; sourceTree = "<group>"; fileEncoding = 4; lastKnownFileType = sourcecode.c.h; explicitFileType = undefined; includeInIndex = 0; };
		9DE0F31AE18D463A8C762FB3 /* GCDWebServerFunctions.h */ = {isa = PBXFileReference; name = "GCDWebServerFunctions.h"; path = "cordova-plugin-ionic-webview/GCDWebServerFunctions.h"; sourceTree = "<group>"; fileEncoding = 4; lastKnownFileType = sourcecode.c.h; explicitFileType = undefined; includeInIndex = 0; };
		D8446732D6B84F9EA864AFC8 /* GCDWebServerHTTPStatusCodes.h */ = {isa = PBXFileReference; name = "GCDWebServerHTTPStatusCodes.h"; path = "cordova-plugin-ionic-webview/GCDWebServerHTTPStatusCodes.h"; sourceTree = "<group>"; fileEncoding = 4; lastKnownFileType = sourcecode.c.h; explicitFileType = undefined; includeInIndex = 0; };
		E9935CABE74A4C27ADD92697 /* GCDWebServerPrivate.h */ = {isa = PBXFileReference; name = "GCDWebServerPrivate.h"; path = "cordova-plugin-ionic-webview/GCDWebServerPrivate.h"; sourceTree = "<group>"; fileEncoding = 4; lastKnownFileType = sourcecode.c.h; explicitFileType = undefined; includeInIndex = 0; };
		8025641433FB4B3CBE1B53D9 /* GCDWebServerRequest.h */ = {isa = PBXFileReference; name = "GCDWebServerRequest.h"; path = "cordova-plugin-ionic-webview/GCDWebServerRequest.h"; sourceTree = "<group>"; fileEncoding = 4; lastKnownFileType = sourcecode.c.h; explicitFileType = undefined; includeInIndex = 0; };
		1AAD18E37F78420097DB6268 /* GCDWebServerResponse.h */ = {isa = PBXFileReference; name = "GCDWebServerResponse.h"; path = "cordova-plugin-ionic-webview/GCDWebServerResponse.h"; sourceTree = "<group>"; fileEncoding = 4; lastKnownFileType = sourcecode.c.h; explicitFileType = undefined; includeInIndex = 0; };
		C8F069E70DF443279F91EA9B /* GCDWebServerDataRequest.h */ = {isa = PBXFileReference; name = "GCDWebServerDataRequest.h"; path = "cordova-plugin-ionic-webview/GCDWebServerDataRequest.h"; sourceTree = "<group>"; fileEncoding = 4; lastKnownFileType = sourcecode.c.h; explicitFileType = undefined; includeInIndex = 0; };
		897993B7EA544A338320969D /* GCDWebServerFileRequest.h */ = {isa = PBXFileReference; name = "GCDWebServerFileRequest.h"; path = "cordova-plugin-ionic-webview/GCDWebServerFileRequest.h"; sourceTree = "<group>"; fileEncoding = 4; lastKnownFileType = sourcecode.c.h; explicitFileType = undefined; includeInIndex = 0; };
		525BFBC303364F828575B817 /* GCDWebServerMultiPartFormRequest.h */ = {isa = PBXFileReference; name = "GCDWebServerMultiPartFormRequest.h"; path = "cordova-plugin-ionic-webview/GCDWebServerMultiPartFormRequest.h"; sourceTree = "<group>"; fileEncoding = 4; lastKnownFileType = sourcecode.c.h; explicitFileType = undefined; includeInIndex = 0; };
		8BE7BD9A15FA4ED8B183651E /* GCDWebServerURLEncodedFormRequest.h */ = {isa = PBXFileReference; name = "GCDWebServerURLEncodedFormRequest.h"; path = "cordova-plugin-ionic-webview/GCDWebServerURLEncodedFormRequest.h"; sourceTree = "<group>"; fileEncoding = 4; lastKnownFileType = sourcecode.c.h; explicitFileType = undefined; includeInIndex = 0; };
		E6393B0ACC124544A228891F /* GCDWebServerDataResponse.h */ = {isa = PBXFileReference; name = "GCDWebServerDataResponse.h"; path = "cordova-plugin-ionic-webview/GCDWebServerDataResponse.h"; sourceTree = "<group>"; fileEncoding = 4; lastKnownFileType = sourcecode.c.h; explicitFileType = undefined; includeInIndex = 0; };
		B871647964D54ABCB292C747 /* GCDWebServerErrorResponse.h */ = {isa = PBXFileReference; name = "GCDWebServerErrorResponse.h"; path = "cordova-plugin-ionic-webview/GCDWebServerErrorResponse.h"; sourceTree = "<group>"; fileEncoding = 4; lastKnownFileType = sourcecode.c.h; explicitFileType = undefined; includeInIndex = 0; };
		F233A4C5DDC546EA8B682AD3 /* GCDWebServerFileResponse.h */ = {isa = PBXFileReference; name = "GCDWebServerFileResponse.h"; path = "cordova-plugin-ionic-webview/GCDWebServerFileResponse.h"; sourceTree = "<group>"; fileEncoding = 4; lastKnownFileType = sourcecode.c.h; explicitFileType = undefined; includeInIndex = 0; };
		10FF6E4DA9B2425FBE1C78E2 /* GCDWebServerStreamedResponse.h */ = {isa = PBXFileReference; name = "GCDWebServerStreamedResponse.h"; path = "cordova-plugin-ionic-webview/GCDWebServerStreamedResponse.h"; sourceTree = "<group>"; fileEncoding = 4; lastKnownFileType = sourcecode.c.h; explicitFileType = undefined; includeInIndex = 0; };
		C97AD400FECD46B9B554CEFB /* WebKit.framework */ = {isa = PBXFileReference; name = "WebKit.framework"; path = "System/Library/Frameworks/WebKit.framework"; sourceTree = SDKROOT; fileEncoding = undefined; lastKnownFileType = wrapper.framework; explicitFileType = undefined; includeInIndex = 0; };
		2EAFB25540B54C8FB142EA12 /* libz.tbd */ = {isa = PBXFileReference; name = "libz.tbd"; path = "usr/lib/libz.tbd"; sourceTree = SDKROOT; fileEncoding = undefined; lastKnownFileType = sourcecode.text-based-dylib-definition; explicitFileType = undefined; includeInIndex = 0; };
		7443716744BB4CF994C76340 /* APPLocalNotification.m */ = {isa = PBXFileReference; name = "APPLocalNotification.m"; path = "cordova-plugin-local-notification/APPLocalNotification.m"; sourceTree = "<group>"; fileEncoding = 4; lastKnownFileType = sourcecode.c.objc; explicitFileType = undefined; includeInIndex = 0; };
		1F5F07D9DD464DCBACBDA951 /* APPNotificationContent.m */ = {isa = PBXFileReference; name = "APPNotificationContent.m"; path = "cordova-plugin-local-notification/APPNotificationContent.m"; sourceTree = "<group>"; fileEncoding = 4; lastKnownFileType = sourcecode.c.objc; explicitFileType = undefined; includeInIndex = 0; };
		12D8779BF28540F7AC28F2D5 /* APPNotificationOptions.m */ = {isa = PBXFileReference; name = "APPNotificationOptions.m"; path = "cordova-plugin-local-notification/APPNotificationOptions.m"; sourceTree = "<group>"; fileEncoding = 4; lastKnownFileType = sourcecode.c.objc; explicitFileType = undefined; includeInIndex = 0; };
		731D7D795ABC45EC9D0D47CA /* UNUserNotificationCenter+APPLocalNotification.m */ = {isa = PBXFileReference; name = "UNUserNotificationCenter+APPLocalNotification.m"; path = "cordova-plugin-local-notification/UNUserNotificationCenter+APPLocalNotification.m"; sourceTree = "<group>"; fileEncoding = 4; lastKnownFileType = sourcecode.c.objc; explicitFileType = undefined; includeInIndex = 0; };
		0EAC9DE22B8F456AB37A0A47 /* UNNotificationRequest+APPLocalNotification.m */ = {isa = PBXFileReference; name = "UNNotificationRequest+APPLocalNotification.m"; path = "cordova-plugin-local-notification/UNNotificationRequest+APPLocalNotification.m"; sourceTree = "<group>"; fileEncoding = 4; lastKnownFileType = sourcecode.c.objc; explicitFileType = undefined; includeInIndex = 0; };
		201049B90AF94629B3DEB6A0 /* APPLocalNotification.h */ = {isa = PBXFileReference; name = "APPLocalNotification.h"; path = "cordova-plugin-local-notification/APPLocalNotification.h"; sourceTree = "<group>"; fileEncoding = 4; lastKnownFileType = sourcecode.c.h; explicitFileType = undefined; includeInIndex = 0; };
		00A8D7406503434889265D2D /* APPNotificationContent.h */ = {isa = PBXFileReference; name = "APPNotificationContent.h"; path = "cordova-plugin-local-notification/APPNotificationContent.h"; sourceTree = "<group>"; fileEncoding = 4; lastKnownFileType = sourcecode.c.h; explicitFileType = undefined; includeInIndex = 0; };
		4A254057986749DB8EA5DCA4 /* APPNotificationOptions.h */ = {isa = PBXFileReference; name = "APPNotificationOptions.h"; path = "cordova-plugin-local-notification/APPNotificationOptions.h"; sourceTree = "<group>"; fileEncoding = 4; lastKnownFileType = sourcecode.c.h; explicitFileType = undefined; includeInIndex = 0; };
		5B3A33BA57A146DE91E149D4 /* UNUserNotificationCenter+APPLocalNotification.h */ = {isa = PBXFileReference; name = "UNUserNotificationCenter+APPLocalNotification.h"; path = "cordova-plugin-local-notification/UNUserNotificationCenter+APPLocalNotification.h"; sourceTree = "<group>"; fileEncoding = 4; lastKnownFileType = sourcecode.c.h; explicitFileType = undefined; includeInIndex = 0; };
		E97539ECB6CB443BAA9A9A48 /* UNNotificationRequest+APPLocalNotification.h */ = {isa = PBXFileReference; name = "UNNotificationRequest+APPLocalNotification.h"; path = "cordova-plugin-local-notification/UNNotificationRequest+APPLocalNotification.h"; sourceTree = "<group>"; fileEncoding = 4; lastKnownFileType = sourcecode.c.h; explicitFileType = undefined; includeInIndex = 0; };
		63F5436A2DFF49BA8C415377 /* UserNotifications.framework */ = {isa = PBXFileReference; name = "UserNotifications.framework"; path = "System/Library/Frameworks/UserNotifications.framework"; sourceTree = SDKROOT; fileEncoding = undefined; lastKnownFileType = wrapper.framework; explicitFileType = undefined; includeInIndex = 0; };
		BE1EA554317843C095BD973E /* CDVSound.m */ = {isa = PBXFileReference; name = "CDVSound.m"; path = "cordova-plugin-media/CDVSound.m"; sourceTree = "<group>"; fileEncoding = 4; lastKnownFileType = sourcecode.c.objc; explicitFileType = undefined; includeInIndex = 0; };
		2DA627928830492290FD2B0B /* CDVSound.h */ = {isa = PBXFileReference; name = "CDVSound.h"; path = "cordova-plugin-media/CDVSound.h"; sourceTree = "<group>"; fileEncoding = 4; lastKnownFileType = sourcecode.c.h; explicitFileType = undefined; includeInIndex = 0; };
		4B240341BD01496DA6A1827B /* NativeAudio.m */ = {isa = PBXFileReference; name = "NativeAudio.m"; path = "cordova-plugin-nativeaudio/NativeAudio.m"; sourceTree = "<group>"; fileEncoding = 4; lastKnownFileType = sourcecode.c.objc; explicitFileType = undefined; includeInIndex = 0; };
		2F555BCE823A40A39F050D90 /* NativeAudioAsset.m */ = {isa = PBXFileReference; name = "NativeAudioAsset.m"; path = "cordova-plugin-nativeaudio/NativeAudioAsset.m"; sourceTree = "<group>"; fileEncoding = 4; lastKnownFileType = sourcecode.c.objc; explicitFileType = undefined; includeInIndex = 0; };
		911A79035731465789526CC0 /* NativeAudio.h */ = {isa = PBXFileReference; name = "NativeAudio.h"; path = "cordova-plugin-nativeaudio/NativeAudio.h"; sourceTree = "<group>"; fileEncoding = 4; lastKnownFileType = sourcecode.c.h; explicitFileType = undefined; includeInIndex = 0; };
		6BA23ACF211A460CA55949A1 /* NativeAudioAsset.h */ = {isa = PBXFileReference; name = "NativeAudioAsset.h"; path = "cordova-plugin-nativeaudio/NativeAudioAsset.h"; sourceTree = "<group>"; fileEncoding = 4; lastKnownFileType = sourcecode.c.h; explicitFileType = undefined; includeInIndex = 0; };
		31AD6E7AFEEF4C778E2AC1F4 /* Foundation.framework */ = {isa = PBXFileReference; name = "Foundation.framework"; path = "System/Library/Frameworks/Foundation.framework"; sourceTree = SDKROOT; fileEncoding = undefined; lastKnownFileType = wrapper.framework; explicitFileType = undefined; includeInIndex = 0; };
		33714F59C22D4669918425AA /* AudioToolbox.framework */ = {isa = PBXFileReference; name = "AudioToolbox.framework"; path = "System/Library/Frameworks/AudioToolbox.framework"; sourceTree = SDKROOT; fileEncoding = undefined; lastKnownFileType = wrapper.framework; explicitFileType = undefined; includeInIndex = 0; };
		9148494C847C4FEB97DE70FA /* CDVSplashScreen.m */ = {isa = PBXFileReference; name = "CDVSplashScreen.m"; path = "cordova-plugin-splashscreen/CDVSplashScreen.m"; sourceTree = "<group>"; fileEncoding = 4; lastKnownFileType = sourcecode.c.objc; explicitFileType = undefined; includeInIndex = 0; };
		65295991E9DC40E8A6DD6926 /* CDVViewController+SplashScreen.m */ = {isa = PBXFileReference; name = "CDVViewController+SplashScreen.m"; path = "cordova-plugin-splashscreen/CDVViewController+SplashScreen.m"; sourceTree = "<group>"; fileEncoding = 4; lastKnownFileType = sourcecode.c.objc; explicitFileType = undefined; includeInIndex = 0; };
		9A47C4838EB6493AA302EA67 /* CDVSplashScreen.h */ = {isa = PBXFileReference; name = "CDVSplashScreen.h"; path = "cordova-plugin-splashscreen/CDVSplashScreen.h"; sourceTree = "<group>"; fileEncoding = 4; lastKnownFileType = sourcecode.c.h; explicitFileType = undefined; includeInIndex = 0; };
		EED636E49C6A4265A69C98E5 /* CDVViewController+SplashScreen.h */ = {isa = PBXFileReference; name = "CDVViewController+SplashScreen.h"; path = "cordova-plugin-splashscreen/CDVViewController+SplashScreen.h"; sourceTree = "<group>"; fileEncoding = 4; lastKnownFileType = sourcecode.c.h; explicitFileType = undefined; includeInIndex = 0; };
		9181E73FC50143949452D683 /* CDVStatusBar.m */ = {isa = PBXFileReference; name = "CDVStatusBar.m"; path = "cordova-plugin-statusbar/CDVStatusBar.m"; sourceTree = "<group>"; fileEncoding = 4; lastKnownFileType = sourcecode.c.objc; explicitFileType = undefined; includeInIndex = 0; };
		D36422CB5B7C45E5B3DEB965 /* CDVStatusBar.h */ = {isa = PBXFileReference; name = "CDVStatusBar.h"; path = "cordova-plugin-statusbar/CDVStatusBar.h"; sourceTree = "<group>"; fileEncoding = 4; lastKnownFileType = sourcecode.c.h; explicitFileType = undefined; includeInIndex = 0; };
		B59CCEAEC3A648B086F7A269 /* NSString+SSURLEncoding.m */ = {isa = PBXFileReference; name = "NSString+SSURLEncoding.m"; path = "cordova-plugin-x-socialsharing/NSString+SSURLEncoding.m"; sourceTree = "<group>"; fileEncoding = 4; lastKnownFileType = sourcecode.c.objc; explicitFileType = undefined; includeInIndex = 0; };
		93B4C5373F3945CA88C175EE /* SocialSharing.m */ = {isa = PBXFileReference; name = "SocialSharing.m"; path = "cordova-plugin-x-socialsharing/SocialSharing.m"; sourceTree = "<group>"; fileEncoding = 4; lastKnownFileType = sourcecode.c.objc; explicitFileType = undefined; includeInIndex = 0; };
		89F5D709DF7A4DA09B647F77 /* NSString+SSURLEncoding.h */ = {isa = PBXFileReference; name = "NSString+SSURLEncoding.h"; path = "cordova-plugin-x-socialsharing/NSString+SSURLEncoding.h"; sourceTree = "<group>"; fileEncoding = 4; lastKnownFileType = sourcecode.c.h; explicitFileType = undefined; includeInIndex = 0; };
		1C6F5148585A4488B7B80A96 /* SocialSharing.h */ = {isa = PBXFileReference; name = "SocialSharing.h"; path = "cordova-plugin-x-socialsharing/SocialSharing.h"; sourceTree = "<group>"; fileEncoding = 4; lastKnownFileType = sourcecode.c.h; explicitFileType = undefined; includeInIndex = 0; };
		FD88084A4A21439DBC5177B9 /* Social.framework */ = {isa = PBXFileReference; name = "Social.framework"; path = "System/Library/Frameworks/Social.framework"; sourceTree = SDKROOT; fileEncoding = undefined; lastKnownFileType = wrapper.framework; explicitFileType = undefined; includeInIndex = 0; };
		698B7EA8B40F435D8AF2A035 /* MessageUI.framework */ = {isa = PBXFileReference; name = "MessageUI.framework"; path = "System/Library/Frameworks/MessageUI.framework"; sourceTree = SDKROOT; fileEncoding = undefined; lastKnownFileType = wrapper.framework; explicitFileType = undefined; includeInIndex = 0; };
		F92A23CFB8F440E7B095614E /* SQLitePlugin.m */ = {isa = PBXFileReference; name = "SQLitePlugin.m"; path = "cordova-sqlite-storage/SQLitePlugin.m"; sourceTree = "<group>"; fileEncoding = 4; lastKnownFileType = sourcecode.c.objc; explicitFileType = undefined; includeInIndex = 0; };
		1E10041BE2704E50B9985092 /* PSPDFThreadSafeMutableDictionary.m */ = {isa = PBXFileReference; name = "PSPDFThreadSafeMutableDictionary.m"; path = "cordova-sqlite-storage/PSPDFThreadSafeMutableDictionary.m"; sourceTree = "<group>"; fileEncoding = 4; lastKnownFileType = sourcecode.c.objc; explicitFileType = undefined; includeInIndex = 0; };
		7D3C43FE4BE54FA1A2BE49B2 /* sqlite3.c */ = {isa = PBXFileReference; name = "sqlite3.c"; path = "cordova-sqlite-storage/sqlite3.c"; sourceTree = "<group>"; fileEncoding = undefined; lastKnownFileType = unknown; explicitFileType = undefined; includeInIndex = 0; };
		49C82D67378C4B9B9E84104A /* SQLitePlugin.h */ = {isa = PBXFileReference; name = "SQLitePlugin.h"; path = "cordova-sqlite-storage/SQLitePlugin.h"; sourceTree = "<group>"; fileEncoding = 4; lastKnownFileType = sourcecode.c.h; explicitFileType = undefined; includeInIndex = 0; };
		6A732AD1E09A4CB89F5C718F /* PSPDFThreadSafeMutableDictionary.h */ = {isa = PBXFileReference; name = "PSPDFThreadSafeMutableDictionary.h"; path = "cordova-sqlite-storage/PSPDFThreadSafeMutableDictionary.h"; sourceTree = "<group>"; fileEncoding = 4; lastKnownFileType = sourcecode.c.h; explicitFileType = undefined; includeInIndex = 0; };
		D713DA18BC0B49B98AF6FF2E /* sqlite3.h */ = {isa = PBXFileReference; name = "sqlite3.h"; path = "cordova-sqlite-storage/sqlite3.h"; sourceTree = "<group>"; fileEncoding = 4; lastKnownFileType = sourcecode.c.h; explicitFileType = undefined; includeInIndex = 0; };
/* End PBXFileReference section */

/* Begin PBXFrameworksBuildPhase section */
		1D60588F0D05DD3D006BFB54 /* Frameworks */ = {
			isa = PBXFrameworksBuildPhase;
			buildActionMask = 2147483647;
			files = (
				301BF552109A68D80062928A /* libCordova.a in Frameworks */,
				81F482C08D0C4E13B6A65C01 /* MediaPlayer.framework in Frameworks */,
				A8470E7B93C648A79C477FC9 /* Security.framework in Frameworks */,
				464B6F307EEF464AAE69217F /* SystemConfiguration.framework in Frameworks */,
				5A17E6B557F64D6CA975CAA1 /* ImageIO.framework in Frameworks */,
				E77DB582B1D24E1889BFBBC5 /* CoreLocation.framework in Frameworks */,
				398CD8307A2045728C5FB344 /* AVFoundation.framework in Frameworks */,
				DB720F3EA6DF4FE9A2572053 /* QuartzCore.framework in Frameworks */,
				E101599830E14E26B04B5122 /* WebKit.framework in Frameworks */,
				9C86BDC33FCB4E348ED058A4 /* libz.tbd in Frameworks */,
				FA9ADC32C94C46CB89512614 /* UserNotifications.framework in Frameworks */,
				7102E52062AD4A1DBB9DFAB2 /* Foundation.framework in Frameworks */,
				B7C310E12C9E41648F59CF2E /* AudioToolbox.framework in Frameworks */,
				4C7A7041084A40E0842F8009 /* Social.framework in Frameworks */,
				C05C7B42B16E4869AADE0F98 /* MessageUI.framework in Frameworks */,
			);
			runOnlyForDeploymentPostprocessing = 0;
		};
/* End PBXFrameworksBuildPhase section */

/* Begin PBXGroup section */
		080E96DDFE201D6D7F000001 /* Classes */ = {
			isa = PBXGroup;
			children = (
				302D95EE14D2391D003F00A1 /* MainViewController.h */,
				302D95EF14D2391D003F00A1 /* MainViewController.m */,
				302D95F014D2391D003F00A1 /* MainViewController.xib */,
				1D3623240D0F684500981E51 /* AppDelegate.h */,
				1D3623250D0F684500981E51 /* AppDelegate.m */,
			);
			name = Classes;
			path = "XFM Chiangmai/Classes";
			sourceTree = SOURCE_ROOT;
		};
		19C28FACFE9D520D11CA2CBB /* Products */ = {
			isa = PBXGroup;
			children = (
				1D6058910D05DD3D006BFB54 /* XFM Chiangmai.app */,
			);
			name = Products;
			sourceTree = "<group>";
		};
		29B97314FDCFA39411CA2CEA /* CustomTemplate */ = {
			isa = PBXGroup;
			children = (
				EB87FDF41871DAF40020F90C /* config.xml */,
				EB87FDF31871DA8E0020F90C /* www */,
				EB87FDF11871DA420020F90C /* Staging */,
				301BF52D109A57CC0062928A /* CordovaLib.xcodeproj */,
				080E96DDFE201D6D7F000001 /* Classes */,
				307C750510C5A3420062BCA9 /* Plugins */,
				29B97315FDCFA39411CA2CEA /* Other Sources */,
				29B97317FDCFA39411CA2CEA /* Resources */,
				29B97323FDCFA39411CA2CEA /* Frameworks */,
				19C28FACFE9D520D11CA2CBB /* Products */,
			);
			name = CustomTemplate;
			sourceTree = "<group>";
		};
		29B97315FDCFA39411CA2CEA /* Other Sources */ = {
			isa = PBXGroup;
			children = (
				32CA4F630368D1EE00C91783 /* XFM Chiangmai-Prefix.pch */,
				29B97316FDCFA39411CA2CEA /* main.m */,
				ED33DF2A687741AEAF9F8254 /* Bridging-Header.h */,
			);
			name = "Other Sources";
			path = "XFM Chiangmai";
			sourceTree = "<group>";
		};
		29B97317FDCFA39411CA2CEA /* Resources */ = {
			isa = PBXGroup;
			children = (
				0207DA571B56EA530066E2B4 /* Images.xcassets */,
				3047A50E1AB8057F00498E2A /* config */,
				8D1107310486CEB800E47090 /* XFM Chiangmai-Info.plist */,
				6AFF5BF81D6E424B00AB3073 /* CDVLaunchScreen.storyboard */,
				B6CFD37925674AB29D587AD8 /* appbeep.wav */,
				4D40B838CE2E434EA8A7F0E3 /* PEPhotoCropEditor.bundle */,
				44C3C1DB6FEB41849725E734 /* DatePicker.xib */,
			);
			name = Resources;
			path = "XFM Chiangmai/Resources";
			sourceTree = "<group>";
		};
		29B97323FDCFA39411CA2CEA /* Frameworks */ = {
			isa = PBXGroup;
			children = (
				07FAF6120C754D829F0F0C3A /* MediaPlayer.framework */,
				1B08F976118948A58EFA99B6 /* Security.framework */,
				CEB4228CD28A4AF097DE7AEE /* SystemConfiguration.framework */,
				A2FA35B9BB0C49B2963E89A1 /* ImageIO.framework */,
				FBE5B8C6145F4AAF827E5896 /* CoreLocation.framework */,
				461D64334B03489E915A6EBE /* AVFoundation.framework */,
				C3A3C4960A6B45D297FD4924 /* QuartzCore.framework */,
				C97AD400FECD46B9B554CEFB /* WebKit.framework */,
				2EAFB25540B54C8FB142EA12 /* libz.tbd */,
				63F5436A2DFF49BA8C415377 /* UserNotifications.framework */,
				31AD6E7AFEEF4C778E2AC1F4 /* Foundation.framework */,
				33714F59C22D4669918425AA /* AudioToolbox.framework */,
				FD88084A4A21439DBC5177B9 /* Social.framework */,
				698B7EA8B40F435D8AF2A035 /* MessageUI.framework */,
			);
			name = Frameworks;
			sourceTree = "<group>";
		};
		301BF52E109A57CC0062928A /* Products */ = {
			isa = PBXGroup;
			children = (
				301BF535109A57CC0062928A /* libCordova.a */,
			);
			name = Products;
			sourceTree = "<group>";
		};
		3047A50E1AB8057F00498E2A /* config */ = {
			isa = PBXGroup;
			children = (
				3047A50F1AB8059700498E2A /* build-debug.xcconfig */,
				3047A5101AB8059700498E2A /* build-release.xcconfig */,
				3047A5111AB8059700498E2A /* build.xcconfig */,
			);
			name = config;
			sourceTree = "<group>";
		};
		307C750510C5A3420062BCA9 /* Plugins */ = {
			isa = PBXGroup;
			children = (
				9478C701CA8D4C3988A176BC /* CFCallNumber.m */,
				964067F0CD4242E7952739EF /* CFCallNumber.h */,
				8730F7E52D604EF0A9B5C184 /* StreamingMedia.m */,
				1E91F2CEEB89481CA0FED67B /* StreamingMedia.h */,
				54F104E2BC6942E492CFB4F7 /* CDVFile.m */,
				E9068B89A241449C81BEE4C3 /* CDVLocalFilesystem.m */,
				29FCC8C07FFA4F10819E73F2 /* CDVAssetLibraryFilesystem.m */,
				C51CFD0C101242929669A710 /* CDVFile.h */,
				F9D3A52CA81A44469815A1F2 /* CDVLocalFilesystem.h */,
				1643FE2C99464F05B953DB7F /* CDVAssetLibraryFilesystem.h */,
				3AEF62BA5D4642E8BE0ABE3C /* CordovaHttpPlugin.m */,
				070FC2D639124E2996F7638B /* TextResponseSerializer.m */,
				98FF608EC81142E4895F9706 /* TextRequestSerializer.m */,
				866245449E034AB9AEB93AE9 /* AFHTTPSessionManager.m */,
				3E348223E98F408392AD9A3C /* AFNetworkReachabilityManager.m */,
				E4B30EC8C25D46D580BC5B8E /* AFSecurityPolicy.m */,
				8F4B940E909B447CA4B98250 /* AFURLRequestSerialization.m */,
				0DF2852995A74DA1ACCCD505 /* AFURLResponseSerialization.m */,
				6E9BF9C1D5F64486BECF1D9A /* AFURLSessionManager.m */,
				5D54E2124CAD402E81DB4901 /* CordovaHttpPlugin.h */,
				79C05627794C47FFA45C0E7C /* TextResponseSerializer.h */,
				F237F7041A7D41D6B6B6A8E4 /* TextRequestSerializer.h */,
				7D068F9E92694D1BB0C53513 /* AFHTTPSessionManager.h */,
				AF4195F241DE4F019720FC64 /* AFNetworking.h */,
				EF677BBEF90841A09478CEC4 /* AFNetworkReachabilityManager.h */,
				5BA1C1EDF25A44DFA137FB74 /* AFSecurityPolicy.h */,
				06A2FEA47C6840C4BE448726 /* AFURLRequestSerialization.h */,
				ECD125299F964DFD96A7F804 /* AFURLResponseSerialization.h */,
				327FD4F4C21B479B86F5E1F5 /* AFURLSessionManager.h */,
				DC09E1C113E041C8AA649EE7 /* CDVDevice.m */,
				19B0F78091DD4726B33A48D0 /* CDVDevice.h */,
				C81E4D4927EF4380927F5495 /* APPBackgroundMode.m */,
				AD501FC330D0448FBDEDB2F7 /* APPMethodMagic.m */,
				30CBB186BE364F0B8DF07F3C /* APPBackgroundMode.h */,
				88E482DD64694F3486FEE469 /* APPMethodMagic.h */,
				0550E8AAFF624229ACE63A3A /* APPBadge.m */,
				CD6AABC22FC644EEAB290E57 /* APPBadge.h */,
				8B25E618314F4E40AD714C18 /* UIImage+CropScaleOrientation.m */,
				4DBC8812EB9748269B9E56C9 /* CDVCamera.m */,
				CD615A41BEEF4145B9B73C79 /* CDVJpegHeaderWriter.m */,
				35D78139408E4BD4953FF2F6 /* UIImage+CropScaleOrientation.h */,
				4C81011209DC45F2949EAA0E /* CDVCamera.h */,
				3324FFD9405249C8A0EA23A1 /* CDVJpegHeaderWriter.h */,
				4513830D292E49AAB2D0F245 /* CDVExif.h */,
				15D38942816346C093247E0A /* CTCrop.m */,
				B878B5E1809C4D718AACBD8A /* PECropRectView.m */,
				5A6BA4F9237D485EA68452F1 /* PECropView.m */,
				251D9536B9BF461BB5F0CB9F /* PECropViewController.m */,
				2F87F76E0D5F4B1A816EF8F9 /* PEResizeControl.m */,
				43A84C4792614E6AB1D37800 /* UIImage+PECrop.m */,
				98CCE4EECD7344F5BCE7D33B /* CTCrop.h */,
				57092AEC6A8F45B2B671CA0B /* PECropRectView.h */,
				F6025A247ABB4561891CD02D /* PECropView.h */,
				3AF821FA3306444E976584AC /* PECropViewController.h */,
				810886DEA7C54DE88D7C1019 /* PEResizeControl.h */,
				B97AFEEBA90240598EF34A08 /* UIImage+PECrop.h */,
				CF5DA7405D9641D1AA5FDB36 /* DatePicker.m */,
				B192D2FE85FD4A2BBEFF53EF /* DatePicker.h */,
				1908BC9CDE46494B9B4D9B47 /* CDVFileTransfer.m */,
				3E7EF033ABCE4B3CB92B894C /* CDVFileTransfer.h */,
				CAF943FC7EDC41B4921F6D43 /* CDVInAppBrowser.m */,
				B78DDD7545FA486491DA5C0D /* CDVInAppBrowser.h */,
				A1C7C960EE7642F4BAFA4675 /* Insomnia.m */,
				4631733AD6474B7ABE30D504 /* Insomnia.h */,
				5B6774C0D7834A83B6B7B7BF /* CDVIonicKeyboard.m */,
				57B5A6DF7E72403297C736A6 /* CDVIonicKeyboard.h */,
				BC71192D0F9D4CADBAD99B0D /* CDVWKWebViewEngine.m */,
				6649847040F2433DBDF09CC7 /* CDVWKWebViewUIDelegate.m */,
				564128055B694641ADAE5322 /* CDVWKProcessPoolFactory.m */,
				490E11FCA4394F228680E43F /* GCDWebServer.m */,
				0F55279CFE174BB5A01F3B2A /* GCDWebServerConnection.m */,
				1C805B12656046469BA1D947 /* GCDWebServerFunctions.m */,
				259C3140CCFF41DBAEAD21DC /* GCDWebServerRequest.m */,
				FB7C3447F52546D3A9E894E5 /* GCDWebServerResponse.m */,
				4F210FC1DBA747F2A60501C9 /* GCDWebServerDataRequest.m */,
				A1F1F47C4A384261B59066CA /* GCDWebServerFileRequest.m */,
				3CC5D49692444733892871B1 /* GCDWebServerMultiPartFormRequest.m */,
				DE53658AD88546D1937EBB75 /* GCDWebServerURLEncodedFormRequest.m */,
				407E58C1957643E1BA2A0DBE /* GCDWebServerDataResponse.m */,
				19AE301738924C73AB13EE5C /* GCDWebServerErrorResponse.m */,
				99192E26BFDA413E942C01E5 /* GCDWebServerFileResponse.m */,
				FEDDD0812A59463EA8BA4905 /* GCDWebServerStreamedResponse.m */,
				1997159FF48B4B3AA87B0DC9 /* CDVWKWebViewEngine.h */,
				A0AEEC8AD22440589DF31634 /* CDVWKWebViewUIDelegate.h */,
				D9BF5D071BD24E16874994F8 /* CDVWKProcessPoolFactory.h */,
				DC26C71E826E44BEA6E20A5E /* GCDWebServer.h */,
				240B83A6D8BE48E4BA737AC7 /* GCDWebServerConnection.h */,
				9DE0F31AE18D463A8C762FB3 /* GCDWebServerFunctions.h */,
				D8446732D6B84F9EA864AFC8 /* GCDWebServerHTTPStatusCodes.h */,
				E9935CABE74A4C27ADD92697 /* GCDWebServerPrivate.h */,
				8025641433FB4B3CBE1B53D9 /* GCDWebServerRequest.h */,
				1AAD18E37F78420097DB6268 /* GCDWebServerResponse.h */,
				C8F069E70DF443279F91EA9B /* GCDWebServerDataRequest.h */,
				897993B7EA544A338320969D /* GCDWebServerFileRequest.h */,
				525BFBC303364F828575B817 /* GCDWebServerMultiPartFormRequest.h */,
				8BE7BD9A15FA4ED8B183651E /* GCDWebServerURLEncodedFormRequest.h */,
				E6393B0ACC124544A228891F /* GCDWebServerDataResponse.h */,
				B871647964D54ABCB292C747 /* GCDWebServerErrorResponse.h */,
				F233A4C5DDC546EA8B682AD3 /* GCDWebServerFileResponse.h */,
				10FF6E4DA9B2425FBE1C78E2 /* GCDWebServerStreamedResponse.h */,
				7443716744BB4CF994C76340 /* APPLocalNotification.m */,
				1F5F07D9DD464DCBACBDA951 /* APPNotificationContent.m */,
				12D8779BF28540F7AC28F2D5 /* APPNotificationOptions.m */,
				731D7D795ABC45EC9D0D47CA /* UNUserNotificationCenter+APPLocalNotification.m */,
				0EAC9DE22B8F456AB37A0A47 /* UNNotificationRequest+APPLocalNotification.m */,
				201049B90AF94629B3DEB6A0 /* APPLocalNotification.h */,
				00A8D7406503434889265D2D /* APPNotificationContent.h */,
				4A254057986749DB8EA5DCA4 /* APPNotificationOptions.h */,
				5B3A33BA57A146DE91E149D4 /* UNUserNotificationCenter+APPLocalNotification.h */,
				E97539ECB6CB443BAA9A9A48 /* UNNotificationRequest+APPLocalNotification.h */,
				BE1EA554317843C095BD973E /* CDVSound.m */,
				2DA627928830492290FD2B0B /* CDVSound.h */,
				4B240341BD01496DA6A1827B /* NativeAudio.m */,
				2F555BCE823A40A39F050D90 /* NativeAudioAsset.m */,
				911A79035731465789526CC0 /* NativeAudio.h */,
				6BA23ACF211A460CA55949A1 /* NativeAudioAsset.h */,
				9148494C847C4FEB97DE70FA /* CDVSplashScreen.m */,
				65295991E9DC40E8A6DD6926 /* CDVViewController+SplashScreen.m */,
				9A47C4838EB6493AA302EA67 /* CDVSplashScreen.h */,
				EED636E49C6A4265A69C98E5 /* CDVViewController+SplashScreen.h */,
				9181E73FC50143949452D683 /* CDVStatusBar.m */,
				D36422CB5B7C45E5B3DEB965 /* CDVStatusBar.h */,
				B59CCEAEC3A648B086F7A269 /* NSString+SSURLEncoding.m */,
				93B4C5373F3945CA88C175EE /* SocialSharing.m */,
				89F5D709DF7A4DA09B647F77 /* NSString+SSURLEncoding.h */,
				1C6F5148585A4488B7B80A96 /* SocialSharing.h */,
				F92A23CFB8F440E7B095614E /* SQLitePlugin.m */,
				1E10041BE2704E50B9985092 /* PSPDFThreadSafeMutableDictionary.m */,
				7D3C43FE4BE54FA1A2BE49B2 /* sqlite3.c */,
				49C82D67378C4B9B9E84104A /* SQLitePlugin.h */,
				6A732AD1E09A4CB89F5C718F /* PSPDFThreadSafeMutableDictionary.h */,
				D713DA18BC0B49B98AF6FF2E /* sqlite3.h */,
			);
			name = Plugins;
			path = "XFM Chiangmai/Plugins";
			sourceTree = SOURCE_ROOT;
		};
		EB87FDF11871DA420020F90C /* Staging */ = {
			isa = PBXGroup;
			children = (
				F840E1F0165FE0F500CFE078 /* config.xml */,
				301BF56E109A69640062928A /* www */,
			);
			name = Staging;
			sourceTree = "<group>";
		};
/* End PBXGroup section */

/* Begin PBXNativeTarget section */
		1D6058900D05DD3D006BFB54 /* XFM Chiangmai */ = {
			isa = PBXNativeTarget;
			buildConfigurationList = 1D6058960D05DD3E006BFB54 /* Build configuration list for PBXNativeTarget "XFM Chiangmai" */;
			buildPhases = (
				304B58A110DAC018002A0835 /* Copy www directory */,
				1D60588D0D05DD3D006BFB54 /* Resources */,
				1D60588E0D05DD3D006BFB54 /* Sources */,
				1D60588F0D05DD3D006BFB54 /* Frameworks */,
			);
			buildRules = (
			);
			dependencies = (
				301BF551109A68C00062928A /* PBXTargetDependency */,
			);
			name = "XFM Chiangmai";
			productName = "XFM Chiangmai";
			productReference = 1D6058910D05DD3D006BFB54 /* XFM Chiangmai.app */;
			productType = "com.apple.product-type.application";
		};
/* End PBXNativeTarget section */

/* Begin PBXProject section */
		29B97313FDCFA39411CA2CEA /* Project object */ = {
			isa = PBXProject;
			attributes = {
				LastUpgradeCheck = 510;
			};
			buildConfigurationList = C01FCF4E08A954540054247B /* Build configuration list for PBXProject "__NON-CLI__" */;
			compatibilityVersion = "Xcode 3.2";
			developmentRegion = English;
			hasScannedForEncodings = 1;
			mainGroup = 29B97314FDCFA39411CA2CEA /* CustomTemplate */;
			projectDirPath = "";
			projectReferences = (
				{
					ProductGroup = 301BF52E109A57CC0062928A /* Products */;
					ProjectRef = 301BF52D109A57CC0062928A /* CordovaLib.xcodeproj */;
				},
			);
			projectRoot = "";
			targets = (
				1D6058900D05DD3D006BFB54 /* XFM Chiangmai */,
			);
		};
/* End PBXProject section */

/* Begin PBXReferenceProxy section */
		301BF535109A57CC0062928A /* libCordova.a */ = {
			isa = PBXReferenceProxy;
			fileType = archive.ar;
			path = libCordova.a;
			remoteRef = 301BF534109A57CC0062928A /* PBXContainerItemProxy */;
			sourceTree = BUILT_PRODUCTS_DIR;
		};
/* End PBXReferenceProxy section */

/* Begin PBXResourcesBuildPhase section */
		1D60588D0D05DD3D006BFB54 /* Resources */ = {
			isa = PBXResourcesBuildPhase;
			buildActionMask = 2147483647;
			files = (
				302D95F214D2391D003F00A1 /* MainViewController.xib in Resources */,
				0207DA581B56EA530066E2B4 /* Images.xcassets in Resources */,
				6AFF5BF91D6E424B00AB3073 /* CDVLaunchScreen.storyboard in Resources */,
				591ED78D67E646CB8F3F05DA /* appbeep.wav in Resources */,
				C939CBFE69D6490C8EF426A1 /* PEPhotoCropEditor.bundle in Resources */,
				C2C49AE865294D9B8FCC1097 /* DatePicker.xib in Resources */,
			);
			runOnlyForDeploymentPostprocessing = 0;
		};
/* End PBXResourcesBuildPhase section */

/* Begin PBXShellScriptBuildPhase section */
		304B58A110DAC018002A0835 /* Copy www directory */ = {
			isa = PBXShellScriptBuildPhase;
			buildActionMask = 2147483647;
			files = (
			);
			inputPaths = (
			);
			name = "Copy www directory";
			outputPaths = (
			);
			runOnlyForDeploymentPostprocessing = 0;
			shellPath = /bin/sh;
			shellScript = "NODEJS_PATH=/usr/local/bin; NVM_NODE_PATH=~/.nvm/versions/node/`nvm version 2>/dev/null`/bin; N_NODE_PATH=`find /usr/local/n/versions/node/* -maxdepth 0 -type d 2>/dev/null | tail -1`/bin; XCODE_NODE_PATH=`xcode-select --print-path`/usr/share/xcs/Node/bin; PATH=$NODEJS_PATH:$NVM_NODE_PATH:$N_NODE_PATH:$XCODE_NODE_PATH:$PATH && node cordova/lib/copy-www-build-step.js";
			showEnvVarsInLog = 0;
		};
/* End PBXShellScriptBuildPhase section */

/* Begin PBXSourcesBuildPhase section */
		1D60588E0D05DD3D006BFB54 /* Sources */ = {
			isa = PBXSourcesBuildPhase;
			buildActionMask = 2147483647;
			files = (
				1D60589B0D05DD56006BFB54 /* main.m in Sources */,
				1D3623260D0F684500981E51 /* AppDelegate.m in Sources */,
				302D95F114D2391D003F00A1 /* MainViewController.m in Sources */,
				08B195E4EFFC42AEBE032CB2 /* CFCallNumber.m in Sources */,
				83DD246D3C314EA08E128923 /* StreamingMedia.m in Sources */,
				97192B3F66984F1497B7A976 /* CDVFile.m in Sources */,
				7FD68EDA6CF14048B8A50EB7 /* CDVLocalFilesystem.m in Sources */,
				6DB3D00017064D919803CDEE /* CDVAssetLibraryFilesystem.m in Sources */,
				6A511A8965CE4BF892CDF873 /* CordovaHttpPlugin.m in Sources */,
				A466D32910584B1098D72E34 /* TextResponseSerializer.m in Sources */,
				206769D5E5294D3792B809E3 /* TextRequestSerializer.m in Sources */,
				9A50873331BA427783FCD78C /* AFHTTPSessionManager.m in Sources */,
				AB378ACCF1A24EFEA99B2878 /* AFNetworkReachabilityManager.m in Sources */,
				9EF7518DAA78432FACB5D319 /* AFSecurityPolicy.m in Sources */,
				6550391F63D84331A9C383E3 /* AFURLRequestSerialization.m in Sources */,
				6E670CD428B94084A4F222E4 /* AFURLResponseSerialization.m in Sources */,
				6463B519BBFC45D1A70646C8 /* AFURLSessionManager.m in Sources */,
				BD993056FFCC48388857E7EF /* CDVDevice.m in Sources */,
				B5A774B181884D978672E46F /* APPBackgroundMode.m in Sources */,
				97A1F3129222443C8F9A0213 /* APPMethodMagic.m in Sources */,
				B69051EEFB3C4C42851E9C88 /* APPBadge.m in Sources */,
				8956BC4691804946804A3DDB /* UIImage+CropScaleOrientation.m in Sources */,
				D8CC4C9050C54B11A935661D /* CDVCamera.m in Sources */,
				DDB46AF627A741BD82136592 /* CDVJpegHeaderWriter.m in Sources */,
				14C86970DA9F478581E61E81 /* CTCrop.m in Sources */,
				91DA1C3DFF3349939B1AD0D8 /* PECropRectView.m in Sources */,
				5AE922CDBCE64126B834891B /* PECropView.m in Sources */,
				CDCA1367D0204E18B728DCC3 /* PECropViewController.m in Sources */,
				C87CD03121F94D248B9AB2EF /* PEResizeControl.m in Sources */,
				5FD13B6538BE4A199653F96C /* UIImage+PECrop.m in Sources */,
				F9F9BDFBA22A4248A0BFE553 /* DatePicker.m in Sources */,
				EF2F5D67BC3E4DBAB4EE7112 /* CDVFileTransfer.m in Sources */,
				E0DCAC6C0F6742FDB9176E47 /* CDVInAppBrowser.m in Sources */,
				B1410BE88C5F41F8B4889373 /* Insomnia.m in Sources */,
				87930C23041E4BD697F5257F /* CDVIonicKeyboard.m in Sources */,
				E89B3966FF064E1EA4DB8EDF /* CDVWKWebViewEngine.m in Sources */,
				C5C0EB1E6DA9442FB19DF719 /* CDVWKWebViewUIDelegate.m in Sources */,
				7B586A4A550045F29A6A7126 /* CDVWKProcessPoolFactory.m in Sources */,
				8F466218889344E29698A288 /* GCDWebServer.m in Sources */,
				7BDE7716FBE9432C8FE44BC3 /* GCDWebServerConnection.m in Sources */,
				83DF2741D0864037B1882715 /* GCDWebServerFunctions.m in Sources */,
				C28A3F40ED97486B9408AEEA /* GCDWebServerRequest.m in Sources */,
				07A72FCE4E2745EBBD70B5E7 /* GCDWebServerResponse.m in Sources */,
				0EAE1E25113F4A6BA99F07D3 /* GCDWebServerDataRequest.m in Sources */,
				37F8A2CB56CC41A4B85DE61F /* GCDWebServerFileRequest.m in Sources */,
				8538858DA77D4048937E7166 /* GCDWebServerMultiPartFormRequest.m in Sources */,
				DEF336A396254E7D8012471D /* GCDWebServerURLEncodedFormRequest.m in Sources */,
				A748E37B69784630B0E05977 /* GCDWebServerDataResponse.m in Sources */,
				13FA73F043B54F3285FE9FF7 /* GCDWebServerErrorResponse.m in Sources */,
				A93348914DEF471B839AA5B2 /* GCDWebServerFileResponse.m in Sources */,
				67AE8FD35B5448D7BA6C3AD3 /* GCDWebServerStreamedResponse.m in Sources */,
				73395CE0A5EA4C0B84B2CB82 /* APPLocalNotification.m in Sources */,
				CFF8F1E62C3E431BA2B65D07 /* APPNotificationContent.m in Sources */,
				C3C380729454414EBE673653 /* APPNotificationOptions.m in Sources */,
				58D7E0750FB8489EAFCA30E8 /* UNUserNotificationCenter+APPLocalNotification.m in Sources */,
				FB9C2758401F4B8896A0BE28 /* UNNotificationRequest+APPLocalNotification.m in Sources */,
				669BB48DC87D400587BF50E2 /* CDVSound.m in Sources */,
				CC355B094ABE4A4992695365 /* NativeAudio.m in Sources */,
				2C098D84AA4445FC8D7E20AD /* NativeAudioAsset.m in Sources */,
				0B9C9A0908A24BA590D73550 /* CDVSplashScreen.m in Sources */,
				3695E6E993514491A84170D3 /* CDVViewController+SplashScreen.m in Sources */,
				0200AAA791554271B9DFCD15 /* CDVStatusBar.m in Sources */,
				F5D0928302084D2E8A0F2C83 /* NSString+SSURLEncoding.m in Sources */,
				AF7421BD2BFA44099C9AE48D /* SocialSharing.m in Sources */,
				7C13139501A04EC181EA4142 /* SQLitePlugin.m in Sources */,
				17DE1D7F659C42B9B314CEF0 /* PSPDFThreadSafeMutableDictionary.m in Sources */,
				91433B15FD60414096167AC4 /* sqlite3.c in Resources */,
			);
			runOnlyForDeploymentPostprocessing = 0;
		};
/* End PBXSourcesBuildPhase section */

/* Begin PBXTargetDependency section */
		301BF551109A68C00062928A /* PBXTargetDependency */ = {
			isa = PBXTargetDependency;
			name = CordovaLib;
			targetProxy = 301BF550109A68C00062928A /* PBXContainerItemProxy */;
		};
/* End PBXTargetDependency section */

/* Begin XCBuildConfiguration section */
		1D6058940D05DD3E006BFB54 /* Debug */ = {
			isa = XCBuildConfiguration;
			baseConfigurationReference = 3047A50F1AB8059700498E2A /* build-debug.xcconfig */;
			buildSettings = {
				ALWAYS_SEARCH_USER_PATHS = NO;
				ASSETCATALOG_COMPILER_APPICON_NAME = AppIcon;
				ASSETCATALOG_COMPILER_LAUNCHIMAGE_NAME = LaunchImage;
				CLANG_ENABLE_MODULES = YES;
				CLANG_ENABLE_OBJC_ARC = YES;
				COPY_PHASE_STRIP = NO;
				GCC_DYNAMIC_NO_PIC = NO;
				GCC_OPTIMIZATION_LEVEL = 0;
				GCC_PRECOMPILE_PREFIX_HEADER = YES;
				GCC_PREFIX_HEADER = "XFM Chiangmai/XFM Chiangmai-Prefix.pch";
				GCC_THUMB_SUPPORT = NO;
				GCC_VERSION = "";
				INFOPLIST_FILE = "XFM Chiangmai/XFM Chiangmai-Info.plist";
				IPHONEOS_DEPLOYMENT_TARGET = 9.0;
				LD_RUNPATH_SEARCH_PATHS = "@executable_path/Frameworks";
				TARGETED_DEVICE_FAMILY = "1,2";
				PRODUCT_NAME = "XFM Chiangmai";
			};
			name = Debug;
		};
		1D6058950D05DD3E006BFB54 /* Release */ = {
			isa = XCBuildConfiguration;
			baseConfigurationReference = 3047A5101AB8059700498E2A /* build-release.xcconfig */;
			buildSettings = {
				ALWAYS_SEARCH_USER_PATHS = NO;
				ASSETCATALOG_COMPILER_APPICON_NAME = AppIcon;
				ASSETCATALOG_COMPILER_LAUNCHIMAGE_NAME = LaunchImage;
				CLANG_ENABLE_MODULES = YES;
				CLANG_ENABLE_OBJC_ARC = YES;
				COPY_PHASE_STRIP = YES;
				GCC_PRECOMPILE_PREFIX_HEADER = YES;
				GCC_PREFIX_HEADER = "XFM Chiangmai/XFM Chiangmai-Prefix.pch";
				GCC_THUMB_SUPPORT = NO;
				GCC_VERSION = "";
				INFOPLIST_FILE = "XFM Chiangmai/XFM Chiangmai-Info.plist";
				IPHONEOS_DEPLOYMENT_TARGET = 9.0;
				LD_RUNPATH_SEARCH_PATHS = "@executable_path/Frameworks";
				TARGETED_DEVICE_FAMILY = "1,2";
				PRODUCT_NAME = "XFM Chiangmai";
			};
			name = Release;
		};
		C01FCF4F08A954540054247B /* Debug */ = {
			isa = XCBuildConfiguration;
			baseConfigurationReference = 3047A5111AB8059700498E2A /* build.xcconfig */;
			buildSettings = {
				CLANG_ENABLE_MODULES = YES;
				CLANG_ENABLE_OBJC_ARC = YES;
				CLANG_WARN_BOOL_CONVERSION = YES;
				CLANG_WARN_CONSTANT_CONVERSION = YES;
				CLANG_WARN_EMPTY_BODY = YES;
				CLANG_WARN_ENUM_CONVERSION = YES;
				CLANG_WARN_INT_CONVERSION = YES;
				CLANG_WARN__DUPLICATE_METHOD_MATCH = YES;
				GCC_C_LANGUAGE_STANDARD = c99;
				GCC_THUMB_SUPPORT = NO;
				GCC_VERSION = "";
				GCC_WARN_ABOUT_RETURN_TYPE = YES;
				GCC_WARN_UNDECLARED_SELECTOR = YES;
				GCC_WARN_UNINITIALIZED_AUTOS = YES;
				GCC_WARN_UNUSED_FUNCTION = YES;
				GCC_WARN_UNUSED_VARIABLE = YES;
				ONLY_ACTIVE_ARCH = YES;
				SDKROOT = iphoneos;
				SKIP_INSTALL = NO;
			};
			name = Debug;
		};
		C01FCF5008A954540054247B /* Release */ = {
			isa = XCBuildConfiguration;
			baseConfigurationReference = 3047A5111AB8059700498E2A /* build.xcconfig */;
			buildSettings = {
				CLANG_ENABLE_MODULES = YES;
				CLANG_ENABLE_OBJC_ARC = YES;
				CLANG_WARN_BOOL_CONVERSION = YES;
				CLANG_WARN_CONSTANT_CONVERSION = YES;
				CLANG_WARN_EMPTY_BODY = YES;
				CLANG_WARN_ENUM_CONVERSION = YES;
				CLANG_WARN_INT_CONVERSION = YES;
				CLANG_WARN__DUPLICATE_METHOD_MATCH = YES;
				GCC_C_LANGUAGE_STANDARD = c99;
				GCC_THUMB_SUPPORT = NO;
				GCC_VERSION = "";
				GCC_WARN_ABOUT_RETURN_TYPE = YES;
				GCC_WARN_UNDECLARED_SELECTOR = YES;
				GCC_WARN_UNINITIALIZED_AUTOS = YES;
				GCC_WARN_UNUSED_FUNCTION = YES;
				GCC_WARN_UNUSED_VARIABLE = YES;
				SDKROOT = iphoneos;
				SKIP_INSTALL = NO;
			};
			name = Release;
		};
/* End XCBuildConfiguration section */

/* Begin XCConfigurationList section */
		1D6058960D05DD3E006BFB54 /* Build configuration list for PBXNativeTarget "XFM Chiangmai" */ = {
			isa = XCConfigurationList;
			buildConfigurations = (
				1D6058940D05DD3E006BFB54 /* Debug */,
				1D6058950D05DD3E006BFB54 /* Release */,
			);
			defaultConfigurationIsVisible = 0;
			defaultConfigurationName = Release;
		};
		C01FCF4E08A954540054247B /* Build configuration list for PBXProject "__NON-CLI__" */ = {
			isa = XCConfigurationList;
			buildConfigurations = (
				C01FCF4F08A954540054247B /* Debug */,
				C01FCF5008A954540054247B /* Release */,
			);
			defaultConfigurationIsVisible = 0;
			defaultConfigurationName = Release;
		};
/* End XCConfigurationList section */
	};
	rootObject = 29B97313FDCFA39411CA2CEA /* Project object */;
}
